// !$*UTF8*$!
{
	archiveVersion = 1;
	classes = {
	};
	objectVersion = 51;
	objects = {

/* Begin PBXBuildFile section */
		005C36C423CA519000390628 /* ScrollingStackContainer.swift in Sources */ = {isa = PBXBuildFile; fileRef = 005C36C323CA519000390628 /* ScrollingStackContainer.swift */; };
		005C36CA23CA5DA000390628 /* ScrollingStackContainer.storyboard in Resources */ = {isa = PBXBuildFile; fileRef = 005C36C923CA5DA000390628 /* ScrollingStackContainer.storyboard */; };
		005C36CC23CAEA8D00390628 /* PostDetailViewController.swift in Sources */ = {isa = PBXBuildFile; fileRef = 005C36CB23CAEA8D00390628 /* PostDetailViewController.swift */; };
		005C36CE23CB07AE00390628 /* UITableView.swift in Sources */ = {isa = PBXBuildFile; fileRef = 005C36CD23CB07AE00390628 /* UITableView.swift */; };
		005C36D023CB27C500390628 /* APIService.swift in Sources */ = {isa = PBXBuildFile; fileRef = 005C36CF23CB27C500390628 /* APIService.swift */; };
		005C36D223CB908B00390628 /* TextEditorViewConroller.swift in Sources */ = {isa = PBXBuildFile; fileRef = 005C36D123CB908B00390628 /* TextEditorViewConroller.swift */; };
		005C36D523CC80AF00390628 /* KeyboardEvents.swift in Sources */ = {isa = PBXBuildFile; fileRef = 005C36D423CC80AF00390628 /* KeyboardEvents.swift */; };
		005C36D723CC95BB00390628 /* AnswerViewController.swift in Sources */ = {isa = PBXBuildFile; fileRef = 005C36D623CC95BB00390628 /* AnswerViewController.swift */; };
		005C36DA23CCA0E300390628 /* PostDetailHeaderView.swift in Sources */ = {isa = PBXBuildFile; fileRef = 005C36D923CCA0E300390628 /* PostDetailHeaderView.swift */; };
		005C36DC23CF2CA000390628 /* LoadingFooterView.swift in Sources */ = {isa = PBXBuildFile; fileRef = 005C36DB23CF2CA000390628 /* LoadingFooterView.swift */; };
		005C36DE23CF883300390628 /* PostViewController.swift in Sources */ = {isa = PBXBuildFile; fileRef = 005C36DD23CF883300390628 /* PostViewController.swift */; };
		005C36E023D0C02E00390628 /* Haeder_Save.swift in Sources */ = {isa = PBXBuildFile; fileRef = 005C36DF23D0C02D00390628 /* Haeder_Save.swift */; };
		007A975823C8D1F0006E2C93 /* PostDetailViewController3.swift in Sources */ = {isa = PBXBuildFile; fileRef = 007A975723C8D1F0006E2C93 /* PostDetailViewController3.swift */; };
		007A975A23C8DCAE006E2C93 /* NSAttributedString.swift in Sources */ = {isa = PBXBuildFile; fileRef = 007A975923C8DCAE006E2C93 /* NSAttributedString.swift */; };
		007A975D23C9914B006E2C93 /* Post.swift in Sources */ = {isa = PBXBuildFile; fileRef = 007A975C23C9914B006E2C93 /* Post.swift */; };
		007A975F23C9B7BB006E2C93 /* Answers.swift in Sources */ = {isa = PBXBuildFile; fileRef = 007A975E23C9B7BB006E2C93 /* Answers.swift */; };
		007A976123C9B7CF006E2C93 /* CompletePost.swift in Sources */ = {isa = PBXBuildFile; fileRef = 007A976023C9B7CF006E2C93 /* CompletePost.swift */; };
		007A976323C9BBF7006E2C93 /* Date.swift in Sources */ = {isa = PBXBuildFile; fileRef = 007A976223C9BBF7006E2C93 /* Date.swift */; };
		007A976523C9CAF2006E2C93 /* UIButton.swift in Sources */ = {isa = PBXBuildFile; fileRef = 007A976423C9CAF2006E2C93 /* UIButton.swift */; };
		008353FD23D2CCE9008B9088 /* PostCell-save.swift in Sources */ = {isa = PBXBuildFile; fileRef = 008353FC23D2CCE9008B9088 /* PostCell-save.swift */; };
		008353FF23D2CF0E008B9088 /* HomeViewControllerTags.swift in Sources */ = {isa = PBXBuildFile; fileRef = 008353FE23D2CF0E008B9088 /* HomeViewControllerTags.swift */; };
		0083540123D2DAA7008B9088 /* ProfileViewController-save.swift in Sources */ = {isa = PBXBuildFile; fileRef = 0083540023D2DAA7008B9088 /* ProfileViewController-save.swift */; };
		0083540323D2F036008B9088 /* EditProfileViewController.swift in Sources */ = {isa = PBXBuildFile; fileRef = 0083540223D2F036008B9088 /* EditProfileViewController.swift */; };
		0083540523D327AA008B9088 /* Edit-save.swift in Sources */ = {isa = PBXBuildFile; fileRef = 0083540423D327AA008B9088 /* Edit-save.swift */; };
		0083540723D43FE3008B9088 /* ReauthenicateController.swift in Sources */ = {isa = PBXBuildFile; fileRef = 0083540623D43FE3008B9088 /* ReauthenicateController.swift */; };
		0083540B23D48D15008B9088 /* TagsViewController.swift in Sources */ = {isa = PBXBuildFile; fileRef = 0083540A23D48D15008B9088 /* TagsViewController.swift */; };
		0083540D23D4B6E2008B9088 /* TagStripView.swift in Sources */ = {isa = PBXBuildFile; fileRef = 0083540C23D4B6E2008B9088 /* TagStripView.swift */; };
		009AA5A023D73FB300D4E71D /* InterestViewController.swift in Sources */ = {isa = PBXBuildFile; fileRef = 009AA59F23D73FB300D4E71D /* InterestViewController.swift */; };
		009AA5A223D8607400D4E71D /* SignupTourViewController.swift in Sources */ = {isa = PBXBuildFile; fileRef = 009AA5A123D8607400D4E71D /* SignupTourViewController.swift */; };
		009AA5A423D87AE600D4E71D /* UserDetailsViewController.swift in Sources */ = {isa = PBXBuildFile; fileRef = 009AA5A323D87AE500D4E71D /* UserDetailsViewController.swift */; };
		009AA5A623D87B2300D4E71D /* WelcomeViewController.swift in Sources */ = {isa = PBXBuildFile; fileRef = 009AA5A523D87B2300D4E71D /* WelcomeViewController.swift */; };
		00E339ED23C9FDCC00186488 /* AnswerCell.swift in Sources */ = {isa = PBXBuildFile; fileRef = 00E339EC23C9FDCC00186488 /* AnswerCell.swift */; };
		00EBA7FD2337BA5A00539A31 /* LoginViewController.swift in Sources */ = {isa = PBXBuildFile; fileRef = 00EBA7FC2337BA5A00539A31 /* LoginViewController.swift */; };
		00EBA7FF2337BA7400539A31 /* SignupViewController.swift in Sources */ = {isa = PBXBuildFile; fileRef = 00EBA7FE2337BA7400539A31 /* SignupViewController.swift */; };
		00EBA8032337CBC700539A31 /* Constraints.swift in Sources */ = {isa = PBXBuildFile; fileRef = 00EBA8022337CBC700539A31 /* Constraints.swift */; };
		00EBA805233CBFF400539A31 /* Dismiss.swift in Sources */ = {isa = PBXBuildFile; fileRef = 00EBA804233CBFF400539A31 /* Dismiss.swift */; };
		00EBA808233D468300539A31 /* MainTabBarController.swift in Sources */ = {isa = PBXBuildFile; fileRef = 00EBA807233D468300539A31 /* MainTabBarController.swift */; };
		00EBA80B233DEA0000539A31 /* UserData.swift in Sources */ = {isa = PBXBuildFile; fileRef = 00EBA80A233DEA0000539A31 /* UserData.swift */; };
		00EBA80D233DEB5C00539A31 /* UIImage.swift in Sources */ = {isa = PBXBuildFile; fileRef = 00EBA80C233DEB5C00539A31 /* UIImage.swift */; };
		00EBA810233DF16900539A31 /* HomeViewController.swift in Sources */ = {isa = PBXBuildFile; fileRef = 00EBA80F233DF16900539A31 /* HomeViewController.swift */; };
		00EBA812233DF18A00539A31 /* PostViewController3.swift in Sources */ = {isa = PBXBuildFile; fileRef = 00EBA811233DF18A00539A31 /* PostViewController3.swift */; };
		00EBA814233DF1AB00539A31 /* ProfileViewController.swift in Sources */ = {isa = PBXBuildFile; fileRef = 00EBA813233DF1AB00539A31 /* ProfileViewController.swift */; };
		00EBA817233E217E00539A31 /* ProfileHeader.swift in Sources */ = {isa = PBXBuildFile; fileRef = 00EBA816233E217E00539A31 /* ProfileHeader.swift */; };
		00EBA819233E986D00539A31 /* PostCell.swift in Sources */ = {isa = PBXBuildFile; fileRef = 00EBA818233E986D00539A31 /* PostCell.swift */; };
		00EBA81B233E9B2200539A31 /* Constants.swift in Sources */ = {isa = PBXBuildFile; fileRef = 00EBA81A233E9B2200539A31 /* Constants.swift */; };
		00EBA823233FCA9C00539A31 /* String.swift in Sources */ = {isa = PBXBuildFile; fileRef = 00EBA822233FCA9C00539A31 /* String.swift */; };
		00EBA82623406ECD00539A31 /* CustomToolBar.swift in Sources */ = {isa = PBXBuildFile; fileRef = 00EBA82523406ECD00539A31 /* CustomToolBar.swift */; };
		00EBA84E23448AE500539A31 /* TextEditor.html in Resources */ = {isa = PBXBuildFile; fileRef = 00EBA84D23448AE500539A31 /* TextEditor.html */; };
		00EBA85023448AEF00539A31 /* TextEditor.js in Resources */ = {isa = PBXBuildFile; fileRef = 00EBA84F23448AEF00539A31 /* TextEditor.js */; };
		00EBA85223448AF600539A31 /* TextEditor.swift in Sources */ = {isa = PBXBuildFile; fileRef = 00EBA85123448AF600539A31 /* TextEditor.swift */; };
		00EBA8572344FD0900539A31 /* QuestionHeader.html in Resources */ = {isa = PBXBuildFile; fileRef = 00EBA8562344FD0900539A31 /* QuestionHeader.html */; };
		00EBA8592344FD1C00539A31 /* QuestionDescription.html in Resources */ = {isa = PBXBuildFile; fileRef = 00EBA8582344FD1C00539A31 /* QuestionDescription.html */; };
		00EBA85B23452A2500539A31 /* File.html in Resources */ = {isa = PBXBuildFile; fileRef = 00EBA85A23452A2500539A31 /* File.html */; };
		00EBA88C2348AD8900539A31 /* EventHandlers.swift in Sources */ = {isa = PBXBuildFile; fileRef = 00EBA88B2348AD8900539A31 /* EventHandlers.swift */; };
		00EBA88E2348ADBB00539A31 /* Keyboard Events.swift in Sources */ = {isa = PBXBuildFile; fileRef = 00EBA88D2348ADBB00539A31 /* Keyboard Events.swift */; };
		00EBA8902348ADD900539A31 /* Ask Button.swift in Sources */ = {isa = PBXBuildFile; fileRef = 00EBA88F2348ADD900539A31 /* Ask Button.swift */; };
		00EBA8922348ADFE00539A31 /* Rich Text Editor.swift in Sources */ = {isa = PBXBuildFile; fileRef = 00EBA8912348ADFE00539A31 /* Rich Text Editor.swift */; };
		00EBA8942348C68100539A31 /* UIFont.swift in Sources */ = {isa = PBXBuildFile; fileRef = 00EBA8932348C68100539A31 /* UIFont.swift */; };
		00EBA898234DB90200539A31 /* Image Picker.swift in Sources */ = {isa = PBXBuildFile; fileRef = 00EBA897234DB90200539A31 /* Image Picker.swift */; };
		00EBA8E523506B1600539A31 /* Settings Section.swift in Sources */ = {isa = PBXBuildFile; fileRef = 00EBA8D123506B1600539A31 /* Settings Section.swift */; };
		00EBA8E823506B1600539A31 /* Settings Footer.swift in Sources */ = {isa = PBXBuildFile; fileRef = 00EBA8D423506B1600539A31 /* Settings Footer.swift */; };
		00EBA8EA23506B1600539A31 /* Settings Selector Cell.swift in Sources */ = {isa = PBXBuildFile; fileRef = 00EBA8D723506B1600539A31 /* Settings Selector Cell.swift */; };
		00EBA8EC23506B1600539A31 /* Settings Toggle Cell.swift in Sources */ = {isa = PBXBuildFile; fileRef = 00EBA8D923506B1600539A31 /* Settings Toggle Cell.swift */; };
		00EBA8ED23506B1600539A31 /* Settings Color Cell.swift in Sources */ = {isa = PBXBuildFile; fileRef = 00EBA8DA23506B1600539A31 /* Settings Color Cell.swift */; };
		00EBA8EE23506B1600539A31 /* Settings Button Cell.swift in Sources */ = {isa = PBXBuildFile; fileRef = 00EBA8DB23506B1600539A31 /* Settings Button Cell.swift */; };
		00EBA8EF23506B1600539A31 /* Settings ViewController.swift in Sources */ = {isa = PBXBuildFile; fileRef = 00EBA8DC23506B1600539A31 /* Settings ViewController.swift */; };
		00EBA8F123506B1600539A31 /* Apply Theme.swift in Sources */ = {isa = PBXBuildFile; fileRef = 00EBA8DF23506B1600539A31 /* Apply Theme.swift */; };
		00EBA8F6235076DB00539A31 /* Theme.swift in Sources */ = {isa = PBXBuildFile; fileRef = 00EBA8F5235076DB00539A31 /* Theme.swift */; };
		00EBA8F8235078C100539A31 /* Dark Theme.swift in Sources */ = {isa = PBXBuildFile; fileRef = 00EBA8F7235078C100539A31 /* Dark Theme.swift */; };
		00EBA8FA235078D300539A31 /* Light Theme.swift in Sources */ = {isa = PBXBuildFile; fileRef = 00EBA8F9235078D200539A31 /* Light Theme.swift */; };
		00EBA8FC235079C800539A31 /* Accent Colors.swift in Sources */ = {isa = PBXBuildFile; fileRef = 00EBA8FB235079C800539A31 /* Accent Colors.swift */; };
		00EBA8FE2351ED4500539A31 /* Settings Handler.swift in Sources */ = {isa = PBXBuildFile; fileRef = 00EBA8FD2351ED4500539A31 /* Settings Handler.swift */; };
		00EBA900235263AE00539A31 /* Popup ViewController.swift in Sources */ = {isa = PBXBuildFile; fileRef = 00EBA8FF235263AE00539A31 /* Popup ViewController.swift */; };
		1FAC1B282322C01300304173 /* AppDelegate.swift in Sources */ = {isa = PBXBuildFile; fileRef = 1FAC1B272322C01300304173 /* AppDelegate.swift */; };
		1FAC1B2A2322C01300304173 /* ViewController.swift in Sources */ = {isa = PBXBuildFile; fileRef = 1FAC1B292322C01300304173 /* ViewController.swift */; };
		1FAC1B2D2322C01300304173 /* Main.storyboard in Resources */ = {isa = PBXBuildFile; fileRef = 1FAC1B2B2322C01300304173 /* Main.storyboard */; };
		1FAC1B2F2322C01600304173 /* Assets.xcassets in Resources */ = {isa = PBXBuildFile; fileRef = 1FAC1B2E2322C01600304173 /* Assets.xcassets */; };
		1FAC1B322322C01600304173 /* LaunchScreen.storyboard in Resources */ = {isa = PBXBuildFile; fileRef = 1FAC1B302322C01600304173 /* LaunchScreen.storyboard */; };
		1FAC1B3D2322C01600304173 /* TheCampusAppTests.swift in Sources */ = {isa = PBXBuildFile; fileRef = 1FAC1B3C2322C01600304173 /* TheCampusAppTests.swift */; };
		1FAC1B482322C01600304173 /* TheCampusAppUITests.swift in Sources */ = {isa = PBXBuildFile; fileRef = 1FAC1B472322C01600304173 /* TheCampusAppUITests.swift */; };
		1FAC1B582322DB7600304173 /* GoogleService-Info.plist in Resources */ = {isa = PBXBuildFile; fileRef = 1FAC1B572322DB7600304173 /* GoogleService-Info.plist */; };
		9D271F48D82A9C027674A2D1 /* Pods_TheCampusApp.framework in Frameworks */ = {isa = PBXBuildFile; fileRef = 70E953C4A1AC51430DE174A7 /* Pods_TheCampusApp.framework */; };
/* End PBXBuildFile section */

/* Begin PBXContainerItemProxy section */
		1FAC1B392322C01600304173 /* PBXContainerItemProxy */ = {
			isa = PBXContainerItemProxy;
			containerPortal = 1FAC1B1C2322C01300304173 /* Project object */;
			proxyType = 1;
			remoteGlobalIDString = 1FAC1B232322C01300304173;
			remoteInfo = TheCampusApp;
		};
		1FAC1B442322C01600304173 /* PBXContainerItemProxy */ = {
			isa = PBXContainerItemProxy;
			containerPortal = 1FAC1B1C2322C01300304173 /* Project object */;
			proxyType = 1;
			remoteGlobalIDString = 1FAC1B232322C01300304173;
			remoteInfo = TheCampusApp;
		};
/* End PBXContainerItemProxy section */

/* Begin PBXFileReference section */
		005C36C323CA519000390628 /* ScrollingStackContainer.swift */ = {isa = PBXFileReference; lastKnownFileType = sourcecode.swift; path = ScrollingStackContainer.swift; sourceTree = "<group>"; };
		005C36C623CA541800390628 /* ScrollingStackContainer.h */ = {isa = PBXFileReference; lastKnownFileType = sourcecode.c.h; path = ScrollingStackContainer.h; sourceTree = "<group>"; };
		005C36C923CA5DA000390628 /* ScrollingStackContainer.storyboard */ = {isa = PBXFileReference; lastKnownFileType = file.storyboard; path = ScrollingStackContainer.storyboard; sourceTree = "<group>"; };
		005C36CB23CAEA8D00390628 /* PostDetailViewController.swift */ = {isa = PBXFileReference; lastKnownFileType = sourcecode.swift; path = PostDetailViewController.swift; sourceTree = "<group>"; };
		005C36CD23CB07AE00390628 /* UITableView.swift */ = {isa = PBXFileReference; lastKnownFileType = sourcecode.swift; path = UITableView.swift; sourceTree = "<group>"; };
		005C36CF23CB27C500390628 /* APIService.swift */ = {isa = PBXFileReference; lastKnownFileType = sourcecode.swift; path = APIService.swift; sourceTree = "<group>"; };
		005C36D123CB908B00390628 /* TextEditorViewConroller.swift */ = {isa = PBXFileReference; lastKnownFileType = sourcecode.swift; path = TextEditorViewConroller.swift; sourceTree = "<group>"; };
		005C36D423CC80AF00390628 /* KeyboardEvents.swift */ = {isa = PBXFileReference; lastKnownFileType = sourcecode.swift; path = KeyboardEvents.swift; sourceTree = "<group>"; };
		005C36D623CC95BB00390628 /* AnswerViewController.swift */ = {isa = PBXFileReference; lastKnownFileType = sourcecode.swift; path = AnswerViewController.swift; sourceTree = "<group>"; };
		005C36D823CC9D4F00390628 /* Tasks.md */ = {isa = PBXFileReference; lastKnownFileType = net.daringfireball.markdown; path = Tasks.md; sourceTree = "<group>"; };
		005C36D923CCA0E300390628 /* PostDetailHeaderView.swift */ = {isa = PBXFileReference; lastKnownFileType = sourcecode.swift; path = PostDetailHeaderView.swift; sourceTree = "<group>"; };
		005C36DB23CF2CA000390628 /* LoadingFooterView.swift */ = {isa = PBXFileReference; lastKnownFileType = sourcecode.swift; path = LoadingFooterView.swift; sourceTree = "<group>"; };
		005C36DD23CF883300390628 /* PostViewController.swift */ = {isa = PBXFileReference; lastKnownFileType = sourcecode.swift; path = PostViewController.swift; sourceTree = "<group>"; };
		005C36DF23D0C02D00390628 /* Haeder_Save.swift */ = {isa = PBXFileReference; lastKnownFileType = sourcecode.swift; path = Haeder_Save.swift; sourceTree = "<group>"; };
		007A975723C8D1F0006E2C93 /* PostDetailViewController3.swift */ = {isa = PBXFileReference; lastKnownFileType = sourcecode.swift; path = PostDetailViewController3.swift; sourceTree = "<group>"; };
		007A975923C8DCAE006E2C93 /* NSAttributedString.swift */ = {isa = PBXFileReference; lastKnownFileType = sourcecode.swift; path = NSAttributedString.swift; sourceTree = "<group>"; };
		007A975C23C9914B006E2C93 /* Post.swift */ = {isa = PBXFileReference; lastKnownFileType = sourcecode.swift; path = Post.swift; sourceTree = "<group>"; };
		007A975E23C9B7BB006E2C93 /* Answers.swift */ = {isa = PBXFileReference; lastKnownFileType = sourcecode.swift; path = Answers.swift; sourceTree = "<group>"; };
		007A976023C9B7CF006E2C93 /* CompletePost.swift */ = {isa = PBXFileReference; lastKnownFileType = sourcecode.swift; path = CompletePost.swift; sourceTree = "<group>"; };
		007A976223C9BBF7006E2C93 /* Date.swift */ = {isa = PBXFileReference; lastKnownFileType = sourcecode.swift; path = Date.swift; sourceTree = "<group>"; };
		007A976423C9CAF2006E2C93 /* UIButton.swift */ = {isa = PBXFileReference; lastKnownFileType = sourcecode.swift; path = UIButton.swift; sourceTree = "<group>"; };
		008353FC23D2CCE9008B9088 /* PostCell-save.swift */ = {isa = PBXFileReference; lastKnownFileType = sourcecode.swift; path = "PostCell-save.swift"; sourceTree = "<group>"; };
		008353FE23D2CF0E008B9088 /* HomeViewControllerTags.swift */ = {isa = PBXFileReference; lastKnownFileType = sourcecode.swift; path = HomeViewControllerTags.swift; sourceTree = "<group>"; };
		0083540023D2DAA7008B9088 /* ProfileViewController-save.swift */ = {isa = PBXFileReference; lastKnownFileType = sourcecode.swift; path = "ProfileViewController-save.swift"; sourceTree = "<group>"; };
		0083540223D2F036008B9088 /* EditProfileViewController.swift */ = {isa = PBXFileReference; lastKnownFileType = sourcecode.swift; path = EditProfileViewController.swift; sourceTree = "<group>"; };
		0083540423D327AA008B9088 /* Edit-save.swift */ = {isa = PBXFileReference; lastKnownFileType = sourcecode.swift; path = "Edit-save.swift"; sourceTree = "<group>"; };
		0083540623D43FE3008B9088 /* ReauthenicateController.swift */ = {isa = PBXFileReference; lastKnownFileType = sourcecode.swift; path = ReauthenicateController.swift; sourceTree = "<group>"; };
		0083540A23D48D15008B9088 /* TagsViewController.swift */ = {isa = PBXFileReference; lastKnownFileType = sourcecode.swift; path = TagsViewController.swift; sourceTree = "<group>"; };
		0083540C23D4B6E2008B9088 /* TagStripView.swift */ = {isa = PBXFileReference; lastKnownFileType = sourcecode.swift; path = TagStripView.swift; sourceTree = "<group>"; };
		009AA59F23D73FB300D4E71D /* InterestViewController.swift */ = {isa = PBXFileReference; lastKnownFileType = sourcecode.swift; path = InterestViewController.swift; sourceTree = "<group>"; };
		009AA5A123D8607400D4E71D /* SignupTourViewController.swift */ = {isa = PBXFileReference; lastKnownFileType = sourcecode.swift; path = SignupTourViewController.swift; sourceTree = "<group>"; };
		009AA5A323D87AE500D4E71D /* UserDetailsViewController.swift */ = {isa = PBXFileReference; lastKnownFileType = sourcecode.swift; path = UserDetailsViewController.swift; sourceTree = "<group>"; };
		009AA5A523D87B2300D4E71D /* WelcomeViewController.swift */ = {isa = PBXFileReference; lastKnownFileType = sourcecode.swift; path = WelcomeViewController.swift; sourceTree = "<group>"; };
		00E339EC23C9FDCC00186488 /* AnswerCell.swift */ = {isa = PBXFileReference; lastKnownFileType = sourcecode.swift; path = AnswerCell.swift; sourceTree = "<group>"; };
		00EBA7FC2337BA5A00539A31 /* LoginViewController.swift */ = {isa = PBXFileReference; lastKnownFileType = sourcecode.swift; path = LoginViewController.swift; sourceTree = "<group>"; };
		00EBA7FE2337BA7400539A31 /* SignupViewController.swift */ = {isa = PBXFileReference; lastKnownFileType = sourcecode.swift; path = SignupViewController.swift; sourceTree = "<group>"; };
		00EBA8022337CBC700539A31 /* Constraints.swift */ = {isa = PBXFileReference; lastKnownFileType = sourcecode.swift; path = Constraints.swift; sourceTree = "<group>"; };
		00EBA804233CBFF400539A31 /* Dismiss.swift */ = {isa = PBXFileReference; lastKnownFileType = sourcecode.swift; path = Dismiss.swift; sourceTree = "<group>"; };
		00EBA807233D468300539A31 /* MainTabBarController.swift */ = {isa = PBXFileReference; lastKnownFileType = sourcecode.swift; path = MainTabBarController.swift; sourceTree = "<group>"; };
		00EBA80A233DEA0000539A31 /* UserData.swift */ = {isa = PBXFileReference; lastKnownFileType = sourcecode.swift; path = UserData.swift; sourceTree = "<group>"; };
		00EBA80C233DEB5C00539A31 /* UIImage.swift */ = {isa = PBXFileReference; lastKnownFileType = sourcecode.swift; path = UIImage.swift; sourceTree = "<group>"; };
		00EBA80F233DF16900539A31 /* HomeViewController.swift */ = {isa = PBXFileReference; lastKnownFileType = sourcecode.swift; path = HomeViewController.swift; sourceTree = "<group>"; };
		00EBA811233DF18A00539A31 /* PostViewController3.swift */ = {isa = PBXFileReference; lastKnownFileType = sourcecode.swift; path = PostViewController3.swift; sourceTree = "<group>"; };
		00EBA813233DF1AB00539A31 /* ProfileViewController.swift */ = {isa = PBXFileReference; lastKnownFileType = sourcecode.swift; path = ProfileViewController.swift; sourceTree = "<group>"; };
		00EBA816233E217E00539A31 /* ProfileHeader.swift */ = {isa = PBXFileReference; lastKnownFileType = sourcecode.swift; path = ProfileHeader.swift; sourceTree = "<group>"; };
		00EBA818233E986D00539A31 /* PostCell.swift */ = {isa = PBXFileReference; lastKnownFileType = sourcecode.swift; path = PostCell.swift; sourceTree = "<group>"; };
		00EBA81A233E9B2200539A31 /* Constants.swift */ = {isa = PBXFileReference; lastKnownFileType = sourcecode.swift; path = Constants.swift; sourceTree = "<group>"; };
		00EBA822233FCA9C00539A31 /* String.swift */ = {isa = PBXFileReference; lastKnownFileType = sourcecode.swift; path = String.swift; sourceTree = "<group>"; };
		00EBA82523406ECD00539A31 /* CustomToolBar.swift */ = {isa = PBXFileReference; lastKnownFileType = sourcecode.swift; path = CustomToolBar.swift; sourceTree = "<group>"; };
		00EBA84D23448AE500539A31 /* TextEditor.html */ = {isa = PBXFileReference; fileEncoding = 4; lastKnownFileType = text.html; path = TextEditor.html; sourceTree = "<group>"; };
		00EBA84F23448AEF00539A31 /* TextEditor.js */ = {isa = PBXFileReference; fileEncoding = 4; indentWidth = 4; lastKnownFileType = sourcecode.javascript; path = TextEditor.js; sourceTree = "<group>"; tabWidth = 1; usesTabs = 0; };
		00EBA85123448AF600539A31 /* TextEditor.swift */ = {isa = PBXFileReference; fileEncoding = 4; lastKnownFileType = sourcecode.swift; path = TextEditor.swift; sourceTree = "<group>"; };
		00EBA8562344FD0900539A31 /* QuestionHeader.html */ = {isa = PBXFileReference; lastKnownFileType = text.html; path = QuestionHeader.html; sourceTree = "<group>"; };
		00EBA8582344FD1C00539A31 /* QuestionDescription.html */ = {isa = PBXFileReference; lastKnownFileType = text.html; path = QuestionDescription.html; sourceTree = "<group>"; };
		00EBA85A23452A2500539A31 /* File.html */ = {isa = PBXFileReference; lastKnownFileType = text.html; path = File.html; sourceTree = "<group>"; };
		00EBA88B2348AD8900539A31 /* EventHandlers.swift */ = {isa = PBXFileReference; lastKnownFileType = sourcecode.swift; path = EventHandlers.swift; sourceTree = "<group>"; };
		00EBA88D2348ADBB00539A31 /* Keyboard Events.swift */ = {isa = PBXFileReference; lastKnownFileType = sourcecode.swift; path = "Keyboard Events.swift"; sourceTree = "<group>"; };
		00EBA88F2348ADD900539A31 /* Ask Button.swift */ = {isa = PBXFileReference; lastKnownFileType = sourcecode.swift; path = "Ask Button.swift"; sourceTree = "<group>"; };
		00EBA8912348ADFE00539A31 /* Rich Text Editor.swift */ = {isa = PBXFileReference; lastKnownFileType = sourcecode.swift; path = "Rich Text Editor.swift"; sourceTree = "<group>"; };
		00EBA8932348C68100539A31 /* UIFont.swift */ = {isa = PBXFileReference; lastKnownFileType = sourcecode.swift; path = UIFont.swift; sourceTree = "<group>"; };
		00EBA897234DB90200539A31 /* Image Picker.swift */ = {isa = PBXFileReference; lastKnownFileType = sourcecode.swift; path = "Image Picker.swift"; sourceTree = "<group>"; };
		00EBA8D123506B1600539A31 /* Settings Section.swift */ = {isa = PBXFileReference; fileEncoding = 4; lastKnownFileType = sourcecode.swift; path = "Settings Section.swift"; sourceTree = "<group>"; };
		00EBA8D423506B1600539A31 /* Settings Footer.swift */ = {isa = PBXFileReference; fileEncoding = 4; lastKnownFileType = sourcecode.swift; path = "Settings Footer.swift"; sourceTree = "<group>"; };
		00EBA8D723506B1600539A31 /* Settings Selector Cell.swift */ = {isa = PBXFileReference; fileEncoding = 4; lastKnownFileType = sourcecode.swift; path = "Settings Selector Cell.swift"; sourceTree = "<group>"; };
		00EBA8D923506B1600539A31 /* Settings Toggle Cell.swift */ = {isa = PBXFileReference; fileEncoding = 4; lastKnownFileType = sourcecode.swift; path = "Settings Toggle Cell.swift"; sourceTree = "<group>"; };
		00EBA8DA23506B1600539A31 /* Settings Color Cell.swift */ = {isa = PBXFileReference; fileEncoding = 4; lastKnownFileType = sourcecode.swift; path = "Settings Color Cell.swift"; sourceTree = "<group>"; };
		00EBA8DB23506B1600539A31 /* Settings Button Cell.swift */ = {isa = PBXFileReference; fileEncoding = 4; lastKnownFileType = sourcecode.swift; path = "Settings Button Cell.swift"; sourceTree = "<group>"; };
		00EBA8DC23506B1600539A31 /* Settings ViewController.swift */ = {isa = PBXFileReference; fileEncoding = 4; lastKnownFileType = sourcecode.swift; path = "Settings ViewController.swift"; sourceTree = "<group>"; };
		00EBA8DF23506B1600539A31 /* Apply Theme.swift */ = {isa = PBXFileReference; fileEncoding = 4; lastKnownFileType = sourcecode.swift; path = "Apply Theme.swift"; sourceTree = "<group>"; };
		00EBA8F5235076DB00539A31 /* Theme.swift */ = {isa = PBXFileReference; lastKnownFileType = sourcecode.swift; path = Theme.swift; sourceTree = "<group>"; };
		00EBA8F7235078C100539A31 /* Dark Theme.swift */ = {isa = PBXFileReference; lastKnownFileType = sourcecode.swift; path = "Dark Theme.swift"; sourceTree = "<group>"; };
		00EBA8F9235078D200539A31 /* Light Theme.swift */ = {isa = PBXFileReference; lastKnownFileType = sourcecode.swift; path = "Light Theme.swift"; sourceTree = "<group>"; };
		00EBA8FB235079C800539A31 /* Accent Colors.swift */ = {isa = PBXFileReference; lastKnownFileType = sourcecode.swift; path = "Accent Colors.swift"; sourceTree = "<group>"; };
		00EBA8FD2351ED4500539A31 /* Settings Handler.swift */ = {isa = PBXFileReference; lastKnownFileType = sourcecode.swift; path = "Settings Handler.swift"; sourceTree = "<group>"; };
		00EBA8FF235263AE00539A31 /* Popup ViewController.swift */ = {isa = PBXFileReference; lastKnownFileType = sourcecode.swift; path = "Popup ViewController.swift"; sourceTree = "<group>"; };
		1FAC1B242322C01300304173 /* TheCampusApp.app */ = {isa = PBXFileReference; explicitFileType = wrapper.application; includeInIndex = 0; path = TheCampusApp.app; sourceTree = BUILT_PRODUCTS_DIR; };
		1FAC1B272322C01300304173 /* AppDelegate.swift */ = {isa = PBXFileReference; lastKnownFileType = sourcecode.swift; path = AppDelegate.swift; sourceTree = "<group>"; };
		1FAC1B292322C01300304173 /* ViewController.swift */ = {isa = PBXFileReference; lastKnownFileType = sourcecode.swift; path = ViewController.swift; sourceTree = "<group>"; };
		1FAC1B2C2322C01300304173 /* Base */ = {isa = PBXFileReference; lastKnownFileType = file.storyboard; name = Base; path = Base.lproj/Main.storyboard; sourceTree = "<group>"; };
		1FAC1B2E2322C01600304173 /* Assets.xcassets */ = {isa = PBXFileReference; lastKnownFileType = folder.assetcatalog; path = Assets.xcassets; sourceTree = "<group>"; };
		1FAC1B312322C01600304173 /* Base */ = {isa = PBXFileReference; lastKnownFileType = file.storyboard; name = Base; path = Base.lproj/LaunchScreen.storyboard; sourceTree = "<group>"; };
		1FAC1B332322C01600304173 /* Info.plist */ = {isa = PBXFileReference; lastKnownFileType = text.plist.xml; path = Info.plist; sourceTree = "<group>"; };
		1FAC1B382322C01600304173 /* TheCampusAppTests.xctest */ = {isa = PBXFileReference; explicitFileType = wrapper.cfbundle; includeInIndex = 0; path = TheCampusAppTests.xctest; sourceTree = BUILT_PRODUCTS_DIR; };
		1FAC1B3C2322C01600304173 /* TheCampusAppTests.swift */ = {isa = PBXFileReference; lastKnownFileType = sourcecode.swift; path = TheCampusAppTests.swift; sourceTree = "<group>"; };
		1FAC1B3E2322C01600304173 /* Info.plist */ = {isa = PBXFileReference; lastKnownFileType = text.plist.xml; path = Info.plist; sourceTree = "<group>"; };
		1FAC1B432322C01600304173 /* TheCampusAppUITests.xctest */ = {isa = PBXFileReference; explicitFileType = wrapper.cfbundle; includeInIndex = 0; path = TheCampusAppUITests.xctest; sourceTree = BUILT_PRODUCTS_DIR; };
		1FAC1B472322C01600304173 /* TheCampusAppUITests.swift */ = {isa = PBXFileReference; lastKnownFileType = sourcecode.swift; path = TheCampusAppUITests.swift; sourceTree = "<group>"; };
		1FAC1B492322C01600304173 /* Info.plist */ = {isa = PBXFileReference; lastKnownFileType = text.plist.xml; path = Info.plist; sourceTree = "<group>"; };
		1FAC1B572322DB7600304173 /* GoogleService-Info.plist */ = {isa = PBXFileReference; fileEncoding = 4; lastKnownFileType = text.plist.xml; path = "GoogleService-Info.plist"; sourceTree = SOURCE_ROOT; };
		417F5CAC574B5DCE663D4006 /* Pods-TheCampusApp.debug.xcconfig */ = {isa = PBXFileReference; includeInIndex = 1; lastKnownFileType = text.xcconfig; name = "Pods-TheCampusApp.debug.xcconfig"; path = "Target Support Files/Pods-TheCampusApp/Pods-TheCampusApp.debug.xcconfig"; sourceTree = "<group>"; };
		70E953C4A1AC51430DE174A7 /* Pods_TheCampusApp.framework */ = {isa = PBXFileReference; explicitFileType = wrapper.framework; includeInIndex = 0; path = Pods_TheCampusApp.framework; sourceTree = BUILT_PRODUCTS_DIR; };
		BB17A7C889B19A12BE30D3EB /* Pods-TheCampusApp.release.xcconfig */ = {isa = PBXFileReference; includeInIndex = 1; lastKnownFileType = text.xcconfig; name = "Pods-TheCampusApp.release.xcconfig"; path = "Target Support Files/Pods-TheCampusApp/Pods-TheCampusApp.release.xcconfig"; sourceTree = "<group>"; };
/* End PBXFileReference section */

/* Begin PBXFrameworksBuildPhase section */
		1FAC1B212322C01300304173 /* Frameworks */ = {
			isa = PBXFrameworksBuildPhase;
			buildActionMask = 2147483647;
			files = (
				9D271F48D82A9C027674A2D1 /* Pods_TheCampusApp.framework in Frameworks */,
			);
			runOnlyForDeploymentPostprocessing = 0;
		};
		1FAC1B352322C01600304173 /* Frameworks */ = {
			isa = PBXFrameworksBuildPhase;
			buildActionMask = 2147483647;
			files = (
			);
			runOnlyForDeploymentPostprocessing = 0;
		};
		1FAC1B402322C01600304173 /* Frameworks */ = {
			isa = PBXFrameworksBuildPhase;
			buildActionMask = 2147483647;
			files = (
			);
			runOnlyForDeploymentPostprocessing = 0;
		};
/* End PBXFrameworksBuildPhase section */

/* Begin PBXGroup section */
		005C36C523CA53E300390628 /* ScrollingStackContainer */ = {
			isa = PBXGroup;
			children = (
				005C36C623CA541800390628 /* ScrollingStackContainer.h */,
				005C36C323CA519000390628 /* ScrollingStackContainer.swift */,
				005C36C923CA5DA000390628 /* ScrollingStackContainer.storyboard */,
			);
			path = ScrollingStackContainer;
			sourceTree = "<group>";
		};
		005C36D323CC808900390628 /* TextEditorViewController */ = {
			isa = PBXGroup;
			children = (
				005C36D123CB908B00390628 /* TextEditorViewConroller.swift */,
				005C36D423CC80AF00390628 /* KeyboardEvents.swift */,
				00EBA82523406ECD00539A31 /* CustomToolBar.swift */,
				00EBA897234DB90200539A31 /* Image Picker.swift */,
			);
			path = TextEditorViewController;
			sourceTree = "<group>";
		};
		007A975623C8CD03006E2C93 /* HomeViewController */ = {
			isa = PBXGroup;
			children = (
				00EBA80F233DF16900539A31 /* HomeViewController.swift */,
				008353FE23D2CF0E008B9088 /* HomeViewControllerTags.swift */,
				00EBA818233E986D00539A31 /* PostCell.swift */,
				005C36DB23CF2CA000390628 /* LoadingFooterView.swift */,
			);
			path = HomeViewController;
			sourceTree = "<group>";
		};
		007A975B23C99139006E2C93 /* Models */ = {
			isa = PBXGroup;
			children = (
				007A975C23C9914B006E2C93 /* Post.swift */,
				007A975E23C9B7BB006E2C93 /* Answers.swift */,
				00EBA80A233DEA0000539A31 /* UserData.swift */,
				007A976023C9B7CF006E2C93 /* CompletePost.swift */,
			);
			path = Models;
			sourceTree = "<group>";
		};
		0083540823D46014008B9088 /* PostDetailViewController */ = {
			isa = PBXGroup;
			children = (
				005C36CB23CAEA8D00390628 /* PostDetailViewController.swift */,
				005C36D923CCA0E300390628 /* PostDetailHeaderView.swift */,
				00E339EC23C9FDCC00186488 /* AnswerCell.swift */,
				005C36D623CC95BB00390628 /* AnswerViewController.swift */,
			);
			path = PostDetailViewController;
			sourceTree = "<group>";
		};
		0083540923D46062008B9088 /* Saves */ = {
			isa = PBXGroup;
			children = (
				0083540023D2DAA7008B9088 /* ProfileViewController-save.swift */,
				0083540423D327AA008B9088 /* Edit-save.swift */,
				00EBA811233DF18A00539A31 /* PostViewController3.swift */,
				00EBA88B2348AD8900539A31 /* EventHandlers.swift */,
				00EBA88D2348ADBB00539A31 /* Keyboard Events.swift */,
				00EBA88F2348ADD900539A31 /* Ask Button.swift */,
				007A975723C8D1F0006E2C93 /* PostDetailViewController3.swift */,
				005C36DF23D0C02D00390628 /* Haeder_Save.swift */,
				008353FC23D2CCE9008B9088 /* PostCell-save.swift */,
				00EBA8912348ADFE00539A31 /* Rich Text Editor.swift */,
				005C36C523CA53E300390628 /* ScrollingStackContainer */,
			);
			path = Saves;
			sourceTree = "<group>";
		};
		00EBA7FB2337BA2D00539A31 /* Login + Signup */ = {
			isa = PBXGroup;
			children = (
				00EBA7FC2337BA5A00539A31 /* LoginViewController.swift */,
				00EBA7FE2337BA7400539A31 /* SignupViewController.swift */,
				0083540623D43FE3008B9088 /* ReauthenicateController.swift */,
				009AA5A123D8607400D4E71D /* SignupTourViewController.swift */,
				009AA5A323D87AE500D4E71D /* UserDetailsViewController.swift */,
				009AA59F23D73FB300D4E71D /* InterestViewController.swift */,
				009AA5A523D87B2300D4E71D /* WelcomeViewController.swift */,
			);
			path = "Login + Signup";
			sourceTree = "<group>";
		};
		00EBA8012337CBAD00539A31 /* Extensions */ = {
			isa = PBXGroup;
			children = (
				00EBA8022337CBC700539A31 /* Constraints.swift */,
				00EBA804233CBFF400539A31 /* Dismiss.swift */,
				00EBA80C233DEB5C00539A31 /* UIImage.swift */,
				00EBA822233FCA9C00539A31 /* String.swift */,
				00EBA8932348C68100539A31 /* UIFont.swift */,
				007A975923C8DCAE006E2C93 /* NSAttributedString.swift */,
				007A976223C9BBF7006E2C93 /* Date.swift */,
				007A976423C9CAF2006E2C93 /* UIButton.swift */,
				005C36CD23CB07AE00390628 /* UITableView.swift */,
			);
			path = Extensions;
			sourceTree = "<group>";
		};
		00EBA806233D464200539A31 /* Tab Bar Controller */ = {
			isa = PBXGroup;
			children = (
				00EBA807233D468300539A31 /* MainTabBarController.swift */,
			);
			path = "Tab Bar Controller";
			sourceTree = "<group>";
		};
		00EBA809233DE9E700539A31 /* User Data */ = {
			isa = PBXGroup;
			children = (
				00EBA81A233E9B2200539A31 /* Constants.swift */,
			);
			path = "User Data";
			sourceTree = "<group>";
		};
		00EBA80E233DF10700539A31 /* View Controllers */ = {
			isa = PBXGroup;
			children = (
				0083540823D46014008B9088 /* PostDetailViewController */,
				005C36D323CC808900390628 /* TextEditorViewController */,
				007A975623C8CD03006E2C93 /* HomeViewController */,
				00EBA82423406EA600539A31 /* PostViewController */,
				00EBA815233E215E00539A31 /* ProfileViewController */,
				00EBA8CC23506B1600539A31 /* SettingsViewController */,
			);
			path = "View Controllers";
			sourceTree = "<group>";
		};
		00EBA815233E215E00539A31 /* ProfileViewController */ = {
			isa = PBXGroup;
			children = (
				00EBA813233DF1AB00539A31 /* ProfileViewController.swift */,
				00EBA816233E217E00539A31 /* ProfileHeader.swift */,
				0083540223D2F036008B9088 /* EditProfileViewController.swift */,
			);
			path = ProfileViewController;
			sourceTree = "<group>";
		};
		00EBA82423406EA600539A31 /* PostViewController */ = {
			isa = PBXGroup;
			children = (
				005C36DD23CF883300390628 /* PostViewController.swift */,
				0083540A23D48D15008B9088 /* TagsViewController.swift */,
				0083540C23D4B6E2008B9088 /* TagStripView.swift */,
			);
			path = PostViewController;
			sourceTree = "<group>";
		};
		00EBA84C23448ABE00539A31 /* Text Editor */ = {
			isa = PBXGroup;
			children = (
				00EBA8562344FD0900539A31 /* QuestionHeader.html */,
				00EBA8582344FD1C00539A31 /* QuestionDescription.html */,
				00EBA84D23448AE500539A31 /* TextEditor.html */,
				00EBA84F23448AEF00539A31 /* TextEditor.js */,
				00EBA85123448AF600539A31 /* TextEditor.swift */,
				00EBA85A23452A2500539A31 /* File.html */,
			);
			path = "Text Editor";
			sourceTree = "<group>";
		};
		00EBA8532344CAFA00539A31 /* API */ = {
			isa = PBXGroup;
			children = (
				005C36CF23CB27C500390628 /* APIService.swift */,
			);
			path = API;
			sourceTree = "<group>";
		};
		00EBA8CC23506B1600539A31 /* SettingsViewController */ = {
			isa = PBXGroup;
			children = (
				00EBA8DC23506B1600539A31 /* Settings ViewController.swift */,
				00EBA8D123506B1600539A31 /* Settings Section.swift */,
				00EBA8D423506B1600539A31 /* Settings Footer.swift */,
				00EBA8D523506B1600539A31 /* Settings Cell */,
				00EBA901235327AB00539A31 /* Popup View Controller */,
			);
			path = SettingsViewController;
			sourceTree = "<group>";
		};
		00EBA8D523506B1600539A31 /* Settings Cell */ = {
			isa = PBXGroup;
			children = (
				00EBA8DB23506B1600539A31 /* Settings Button Cell.swift */,
				00EBA8D923506B1600539A31 /* Settings Toggle Cell.swift */,
				00EBA8D723506B1600539A31 /* Settings Selector Cell.swift */,
				00EBA8DA23506B1600539A31 /* Settings Color Cell.swift */,
			);
			path = "Settings Cell";
			sourceTree = "<group>";
		};
		00EBA8F42350768100539A31 /* Themes */ = {
			isa = PBXGroup;
			children = (
				00EBA8F5235076DB00539A31 /* Theme.swift */,
				00EBA8F7235078C100539A31 /* Dark Theme.swift */,
				00EBA8F9235078D200539A31 /* Light Theme.swift */,
				00EBA8DF23506B1600539A31 /* Apply Theme.swift */,
				00EBA8FB235079C800539A31 /* Accent Colors.swift */,
			);
			path = Themes;
			sourceTree = "<group>";
		};
		00EBA901235327AB00539A31 /* Popup View Controller */ = {
			isa = PBXGroup;
			children = (
				00EBA8FF235263AE00539A31 /* Popup ViewController.swift */,
				00EBA8FD2351ED4500539A31 /* Settings Handler.swift */,
			);
			path = "Popup View Controller";
			sourceTree = "<group>";
		};
		1FAC1B1B2322C01300304173 = {
			isa = PBXGroup;
			children = (
				1FAC1B262322C01300304173 /* TheCampusApp */,
				1FAC1B3B2322C01600304173 /* TheCampusAppTests */,
				1FAC1B462322C01600304173 /* TheCampusAppUITests */,
				1FAC1B252322C01300304173 /* Products */,
				4D716E400474BCD6DAA72BE2 /* Pods */,
				BC689F0D985935B302AE9522 /* Frameworks */,
			);
			sourceTree = "<group>";
		};
		1FAC1B252322C01300304173 /* Products */ = {
			isa = PBXGroup;
			children = (
				1FAC1B242322C01300304173 /* TheCampusApp.app */,
				1FAC1B382322C01600304173 /* TheCampusAppTests.xctest */,
				1FAC1B432322C01600304173 /* TheCampusAppUITests.xctest */,
			);
			name = Products;
			sourceTree = "<group>";
		};
		1FAC1B262322C01300304173 /* TheCampusApp */ = {
			isa = PBXGroup;
			children = (
				0083540923D46062008B9088 /* Saves */,
				005C36D823CC9D4F00390628 /* Tasks.md */,
				007A975B23C99139006E2C93 /* Models */,
				00EBA8532344CAFA00539A31 /* API */,
				00EBA84C23448ABE00539A31 /* Text Editor */,
				00EBA8012337CBAD00539A31 /* Extensions */,
				00EBA7FB2337BA2D00539A31 /* Login + Signup */,
				00EBA806233D464200539A31 /* Tab Bar Controller */,
				00EBA80E233DF10700539A31 /* View Controllers */,
				00EBA8F42350768100539A31 /* Themes */,
				00EBA809233DE9E700539A31 /* User Data */,
				1FAC1B272322C01300304173 /* AppDelegate.swift */,
				1FAC1B292322C01300304173 /* ViewController.swift */,
				1FAC1B2B2322C01300304173 /* Main.storyboard */,
				1FAC1B2E2322C01600304173 /* Assets.xcassets */,
				1FAC1B302322C01600304173 /* LaunchScreen.storyboard */,
				1FAC1B332322C01600304173 /* Info.plist */,
				1FAC1B572322DB7600304173 /* GoogleService-Info.plist */,
			);
			path = TheCampusApp;
			sourceTree = "<group>";
		};
		1FAC1B3B2322C01600304173 /* TheCampusAppTests */ = {
			isa = PBXGroup;
			children = (
				1FAC1B3C2322C01600304173 /* TheCampusAppTests.swift */,
				1FAC1B3E2322C01600304173 /* Info.plist */,
			);
			path = TheCampusAppTests;
			sourceTree = "<group>";
		};
		1FAC1B462322C01600304173 /* TheCampusAppUITests */ = {
			isa = PBXGroup;
			children = (
				1FAC1B472322C01600304173 /* TheCampusAppUITests.swift */,
				1FAC1B492322C01600304173 /* Info.plist */,
			);
			path = TheCampusAppUITests;
			sourceTree = "<group>";
		};
		4D716E400474BCD6DAA72BE2 /* Pods */ = {
			isa = PBXGroup;
			children = (
				417F5CAC574B5DCE663D4006 /* Pods-TheCampusApp.debug.xcconfig */,
				BB17A7C889B19A12BE30D3EB /* Pods-TheCampusApp.release.xcconfig */,
			);
			path = Pods;
			sourceTree = "<group>";
		};
		BC689F0D985935B302AE9522 /* Frameworks */ = {
			isa = PBXGroup;
			children = (
				70E953C4A1AC51430DE174A7 /* Pods_TheCampusApp.framework */,
			);
			name = Frameworks;
			sourceTree = "<group>";
		};
/* End PBXGroup section */

/* Begin PBXNativeTarget section */
		1FAC1B232322C01300304173 /* TheCampusApp */ = {
			isa = PBXNativeTarget;
			buildConfigurationList = 1FAC1B4C2322C01600304173 /* Build configuration list for PBXNativeTarget "TheCampusApp" */;
			buildPhases = (
				A766571287C1D047A9F308BC /* [CP] Check Pods Manifest.lock */,
				1FAC1B202322C01300304173 /* Sources */,
				1FAC1B212322C01300304173 /* Frameworks */,
				1FAC1B222322C01300304173 /* Resources */,
				3E090BE0C40DF9DA84EA3B0C /* [CP] Embed Pods Frameworks */,
			);
			buildRules = (
			);
			dependencies = (
			);
			name = TheCampusApp;
			productName = TheCampusApp;
			productReference = 1FAC1B242322C01300304173 /* TheCampusApp.app */;
			productType = "com.apple.product-type.application";
		};
		1FAC1B372322C01600304173 /* TheCampusAppTests */ = {
			isa = PBXNativeTarget;
			buildConfigurationList = 1FAC1B4F2322C01600304173 /* Build configuration list for PBXNativeTarget "TheCampusAppTests" */;
			buildPhases = (
				1FAC1B342322C01600304173 /* Sources */,
				1FAC1B352322C01600304173 /* Frameworks */,
				1FAC1B362322C01600304173 /* Resources */,
			);
			buildRules = (
			);
			dependencies = (
				1FAC1B3A2322C01600304173 /* PBXTargetDependency */,
			);
			name = TheCampusAppTests;
			productName = TheCampusAppTests;
			productReference = 1FAC1B382322C01600304173 /* TheCampusAppTests.xctest */;
			productType = "com.apple.product-type.bundle.unit-test";
		};
		1FAC1B422322C01600304173 /* TheCampusAppUITests */ = {
			isa = PBXNativeTarget;
			buildConfigurationList = 1FAC1B522322C01600304173 /* Build configuration list for PBXNativeTarget "TheCampusAppUITests" */;
			buildPhases = (
				1FAC1B3F2322C01600304173 /* Sources */,
				1FAC1B402322C01600304173 /* Frameworks */,
				1FAC1B412322C01600304173 /* Resources */,
			);
			buildRules = (
			);
			dependencies = (
				1FAC1B452322C01600304173 /* PBXTargetDependency */,
			);
			name = TheCampusAppUITests;
			productName = TheCampusAppUITests;
			productReference = 1FAC1B432322C01600304173 /* TheCampusAppUITests.xctest */;
			productType = "com.apple.product-type.bundle.ui-testing";
		};
/* End PBXNativeTarget section */

/* Begin PBXProject section */
		1FAC1B1C2322C01300304173 /* Project object */ = {
			isa = PBXProject;
			attributes = {
				LastSwiftUpdateCheck = 1020;
				LastUpgradeCheck = 1020;
				ORGANIZATIONNAME = "Harsh Motwani";
				TargetAttributes = {
					1FAC1B232322C01300304173 = {
						CreatedOnToolsVersion = 10.2;
					};
					1FAC1B372322C01600304173 = {
						CreatedOnToolsVersion = 10.2;
						TestTargetID = 1FAC1B232322C01300304173;
					};
					1FAC1B422322C01600304173 = {
						CreatedOnToolsVersion = 10.2;
						TestTargetID = 1FAC1B232322C01300304173;
					};
				};
			};
			buildConfigurationList = 1FAC1B1F2322C01300304173 /* Build configuration list for PBXProject "TheCampusApp" */;
			compatibilityVersion = "Xcode 9.3";
			developmentRegion = en;
			hasScannedForEncodings = 0;
			knownRegions = (
				en,
				Base,
			);
			mainGroup = 1FAC1B1B2322C01300304173;
			productRefGroup = 1FAC1B252322C01300304173 /* Products */;
			projectDirPath = "";
			projectRoot = "";
			targets = (
				1FAC1B232322C01300304173 /* TheCampusApp */,
				1FAC1B372322C01600304173 /* TheCampusAppTests */,
				1FAC1B422322C01600304173 /* TheCampusAppUITests */,
			);
		};
/* End PBXProject section */

/* Begin PBXResourcesBuildPhase section */
		1FAC1B222322C01300304173 /* Resources */ = {
			isa = PBXResourcesBuildPhase;
			buildActionMask = 2147483647;
			files = (
				1FAC1B322322C01600304173 /* LaunchScreen.storyboard in Resources */,
				005C36CA23CA5DA000390628 /* ScrollingStackContainer.storyboard in Resources */,
				00EBA85B23452A2500539A31 /* File.html in Resources */,
				1FAC1B582322DB7600304173 /* GoogleService-Info.plist in Resources */,
				00EBA8592344FD1C00539A31 /* QuestionDescription.html in Resources */,
				00EBA8572344FD0900539A31 /* QuestionHeader.html in Resources */,
				1FAC1B2F2322C01600304173 /* Assets.xcassets in Resources */,
				1FAC1B2D2322C01300304173 /* Main.storyboard in Resources */,
				00EBA85023448AEF00539A31 /* TextEditor.js in Resources */,
				00EBA84E23448AE500539A31 /* TextEditor.html in Resources */,
			);
			runOnlyForDeploymentPostprocessing = 0;
		};
		1FAC1B362322C01600304173 /* Resources */ = {
			isa = PBXResourcesBuildPhase;
			buildActionMask = 2147483647;
			files = (
			);
			runOnlyForDeploymentPostprocessing = 0;
		};
		1FAC1B412322C01600304173 /* Resources */ = {
			isa = PBXResourcesBuildPhase;
			buildActionMask = 2147483647;
			files = (
			);
			runOnlyForDeploymentPostprocessing = 0;
		};
/* End PBXResourcesBuildPhase section */

/* Begin PBXShellScriptBuildPhase section */
		3E090BE0C40DF9DA84EA3B0C /* [CP] Embed Pods Frameworks */ = {
			isa = PBXShellScriptBuildPhase;
			buildActionMask = 2147483647;
			files = (
			);
			inputFileListPaths = (
				"${PODS_ROOT}/Target Support Files/Pods-TheCampusApp/Pods-TheCampusApp-frameworks-${CONFIGURATION}-input-files.xcfilelist",
			);
			name = "[CP] Embed Pods Frameworks";
			outputFileListPaths = (
				"${PODS_ROOT}/Target Support Files/Pods-TheCampusApp/Pods-TheCampusApp-frameworks-${CONFIGURATION}-output-files.xcfilelist",
			);
			runOnlyForDeploymentPostprocessing = 0;
			shellPath = /bin/sh;
			shellScript = "\"${PODS_ROOT}/Target Support Files/Pods-TheCampusApp/Pods-TheCampusApp-frameworks.sh\"\n";
			showEnvVarsInLog = 0;
		};
		A766571287C1D047A9F308BC /* [CP] Check Pods Manifest.lock */ = {
			isa = PBXShellScriptBuildPhase;
			buildActionMask = 2147483647;
			files = (
			);
			inputFileListPaths = (
			);
			inputPaths = (
				"${PODS_PODFILE_DIR_PATH}/Podfile.lock",
				"${PODS_ROOT}/Manifest.lock",
			);
			name = "[CP] Check Pods Manifest.lock";
			outputFileListPaths = (
			);
			outputPaths = (
				"$(DERIVED_FILE_DIR)/Pods-TheCampusApp-checkManifestLockResult.txt",
			);
			runOnlyForDeploymentPostprocessing = 0;
			shellPath = /bin/sh;
			shellScript = "diff \"${PODS_PODFILE_DIR_PATH}/Podfile.lock\" \"${PODS_ROOT}/Manifest.lock\" > /dev/null\nif [ $? != 0 ] ; then\n    # print error to STDERR\n    echo \"error: The sandbox is not in sync with the Podfile.lock. Run 'pod install' or update your CocoaPods installation.\" >&2\n    exit 1\nfi\n# This output is used by Xcode 'outputs' to avoid re-running this script phase.\necho \"SUCCESS\" > \"${SCRIPT_OUTPUT_FILE_0}\"\n";
			showEnvVarsInLog = 0;
		};
/* End PBXShellScriptBuildPhase section */

/* Begin PBXSourcesBuildPhase section */
		1FAC1B202322C01300304173 /* Sources */ = {
			isa = PBXSourcesBuildPhase;
			buildActionMask = 2147483647;
			files = (
				00EBA805233CBFF400539A31 /* Dismiss.swift in Sources */,
				0083540B23D48D15008B9088 /* TagsViewController.swift in Sources */,
				00EBA8FC235079C800539A31 /* Accent Colors.swift in Sources */,
				00EBA8EC23506B1600539A31 /* Settings Toggle Cell.swift in Sources */,
				00E339ED23C9FDCC00186488 /* AnswerCell.swift in Sources */,
				007A975D23C9914B006E2C93 /* Post.swift in Sources */,
				00EBA8902348ADD900539A31 /* Ask Button.swift in Sources */,
				007A975823C8D1F0006E2C93 /* PostDetailViewController3.swift in Sources */,
				00EBA817233E217E00539A31 /* ProfileHeader.swift in Sources */,
				00EBA7FD2337BA5A00539A31 /* LoginViewController.swift in Sources */,
				00EBA80B233DEA0000539A31 /* UserData.swift in Sources */,
				00EBA8FA235078D300539A31 /* Light Theme.swift in Sources */,
				0083540D23D4B6E2008B9088 /* TagStripView.swift in Sources */,
				00EBA8EA23506B1600539A31 /* Settings Selector Cell.swift in Sources */,
				1FAC1B2A2322C01300304173 /* ViewController.swift in Sources */,
				00EBA8922348ADFE00539A31 /* Rich Text Editor.swift in Sources */,
				007A975F23C9B7BB006E2C93 /* Answers.swift in Sources */,
				005C36D223CB908B00390628 /* TextEditorViewConroller.swift in Sources */,
				00EBA8F123506B1600539A31 /* Apply Theme.swift in Sources */,
				00EBA81B233E9B2200539A31 /* Constants.swift in Sources */,
				005C36DC23CF2CA000390628 /* LoadingFooterView.swift in Sources */,
				005C36DE23CF883300390628 /* PostViewController.swift in Sources */,
				00EBA808233D468300539A31 /* MainTabBarController.swift in Sources */,
				00EBA810233DF16900539A31 /* HomeViewController.swift in Sources */,
				0083540123D2DAA7008B9088 /* ProfileViewController-save.swift in Sources */,
				00EBA8E823506B1600539A31 /* Settings Footer.swift in Sources */,
				005C36D523CC80AF00390628 /* KeyboardEvents.swift in Sources */,
				007A976323C9BBF7006E2C93 /* Date.swift in Sources */,
				007A976123C9B7CF006E2C93 /* CompletePost.swift in Sources */,
				009AA5A223D8607400D4E71D /* SignupTourViewController.swift in Sources */,
				008353FF23D2CF0E008B9088 /* HomeViewControllerTags.swift in Sources */,
				005C36C423CA519000390628 /* ScrollingStackContainer.swift in Sources */,
				00EBA814233DF1AB00539A31 /* ProfileViewController.swift in Sources */,
				00EBA8032337CBC700539A31 /* Constraints.swift in Sources */,
				005C36D723CC95BB00390628 /* AnswerViewController.swift in Sources */,
				00EBA80D233DEB5C00539A31 /* UIImage.swift in Sources */,
				009AA5A023D73FB300D4E71D /* InterestViewController.swift in Sources */,
				005C36D023CB27C500390628 /* APIService.swift in Sources */,
				0083540723D43FE3008B9088 /* ReauthenicateController.swift in Sources */,
				00EBA8EE23506B1600539A31 /* Settings Button Cell.swift in Sources */,
				00EBA8F8235078C100539A31 /* Dark Theme.swift in Sources */,
				00EBA88C2348AD8900539A31 /* EventHandlers.swift in Sources */,
				00EBA8EF23506B1600539A31 /* Settings ViewController.swift in Sources */,
				00EBA819233E986D00539A31 /* PostCell.swift in Sources */,
				00EBA85223448AF600539A31 /* TextEditor.swift in Sources */,
				00EBA8E523506B1600539A31 /* Settings Section.swift in Sources */,
				007A975A23C8DCAE006E2C93 /* NSAttributedString.swift in Sources */,
				00EBA7FF2337BA7400539A31 /* SignupViewController.swift in Sources */,
				005C36CC23CAEA8D00390628 /* PostDetailViewController.swift in Sources */,
				009AA5A423D87AE600D4E71D /* UserDetailsViewController.swift in Sources */,
				00EBA8F6235076DB00539A31 /* Theme.swift in Sources */,
				009AA5A623D87B2300D4E71D /* WelcomeViewController.swift in Sources */,
				005C36CE23CB07AE00390628 /* UITableView.swift in Sources */,
				008353FD23D2CCE9008B9088 /* PostCell-save.swift in Sources */,
				00EBA88E2348ADBB00539A31 /* Keyboard Events.swift in Sources */,
				0083540523D327AA008B9088 /* Edit-save.swift in Sources */,
				005C36E023D0C02E00390628 /* Haeder_Save.swift in Sources */,
				007A976523C9CAF2006E2C93 /* UIButton.swift in Sources */,
				005C36DA23CCA0E300390628 /* PostDetailHeaderView.swift in Sources */,
				00EBA900235263AE00539A31 /* Popup ViewController.swift in Sources */,
				1FAC1B282322C01300304173 /* AppDelegate.swift in Sources */,
				00EBA898234DB90200539A31 /* Image Picker.swift in Sources */,
				00EBA823233FCA9C00539A31 /* String.swift in Sources */,
				0083540323D2F036008B9088 /* EditProfileViewController.swift in Sources */,
				00EBA8ED23506B1600539A31 /* Settings Color Cell.swift in Sources */,
				00EBA8942348C68100539A31 /* UIFont.swift in Sources */,
				00EBA8FE2351ED4500539A31 /* Settings Handler.swift in Sources */,
				00EBA82623406ECD00539A31 /* CustomToolBar.swift in Sources */,
				00EBA812233DF18A00539A31 /* PostViewController3.swift in Sources */,
			);
			runOnlyForDeploymentPostprocessing = 0;
		};
		1FAC1B342322C01600304173 /* Sources */ = {
			isa = PBXSourcesBuildPhase;
			buildActionMask = 2147483647;
			files = (
				1FAC1B3D2322C01600304173 /* TheCampusAppTests.swift in Sources */,
			);
			runOnlyForDeploymentPostprocessing = 0;
		};
		1FAC1B3F2322C01600304173 /* Sources */ = {
			isa = PBXSourcesBuildPhase;
			buildActionMask = 2147483647;
			files = (
				1FAC1B482322C01600304173 /* TheCampusAppUITests.swift in Sources */,
			);
			runOnlyForDeploymentPostprocessing = 0;
		};
/* End PBXSourcesBuildPhase section */

/* Begin PBXTargetDependency section */
		1FAC1B3A2322C01600304173 /* PBXTargetDependency */ = {
			isa = PBXTargetDependency;
			target = 1FAC1B232322C01300304173 /* TheCampusApp */;
			targetProxy = 1FAC1B392322C01600304173 /* PBXContainerItemProxy */;
		};
		1FAC1B452322C01600304173 /* PBXTargetDependency */ = {
			isa = PBXTargetDependency;
			target = 1FAC1B232322C01300304173 /* TheCampusApp */;
			targetProxy = 1FAC1B442322C01600304173 /* PBXContainerItemProxy */;
		};
/* End PBXTargetDependency section */

/* Begin PBXVariantGroup section */
		1FAC1B2B2322C01300304173 /* Main.storyboard */ = {
			isa = PBXVariantGroup;
			children = (
				1FAC1B2C2322C01300304173 /* Base */,
			);
			name = Main.storyboard;
			sourceTree = "<group>";
		};
		1FAC1B302322C01600304173 /* LaunchScreen.storyboard */ = {
			isa = PBXVariantGroup;
			children = (
				1FAC1B312322C01600304173 /* Base */,
			);
			name = LaunchScreen.storyboard;
			sourceTree = "<group>";
		};
/* End PBXVariantGroup section */

/* Begin XCBuildConfiguration section */
		1FAC1B4A2322C01600304173 /* Debug */ = {
			isa = XCBuildConfiguration;
			buildSettings = {
				ALWAYS_SEARCH_USER_PATHS = NO;
				CLANG_ANALYZER_NONNULL = YES;
				CLANG_ANALYZER_NUMBER_OBJECT_CONVERSION = YES_AGGRESSIVE;
				CLANG_CXX_LANGUAGE_STANDARD = "gnu++14";
				CLANG_CXX_LIBRARY = "libc++";
				CLANG_ENABLE_MODULES = YES;
				CLANG_ENABLE_OBJC_ARC = YES;
				CLANG_ENABLE_OBJC_WEAK = YES;
				CLANG_WARN_BLOCK_CAPTURE_AUTORELEASING = YES;
				CLANG_WARN_BOOL_CONVERSION = YES;
				CLANG_WARN_COMMA = YES;
				CLANG_WARN_CONSTANT_CONVERSION = YES;
				CLANG_WARN_DEPRECATED_OBJC_IMPLEMENTATIONS = YES;
				CLANG_WARN_DIRECT_OBJC_ISA_USAGE = YES_ERROR;
				CLANG_WARN_DOCUMENTATION_COMMENTS = YES;
				CLANG_WARN_EMPTY_BODY = YES;
				CLANG_WARN_ENUM_CONVERSION = YES;
				CLANG_WARN_INFINITE_RECURSION = YES;
				CLANG_WARN_INT_CONVERSION = YES;
				CLANG_WARN_NON_LITERAL_NULL_CONVERSION = YES;
				CLANG_WARN_OBJC_IMPLICIT_RETAIN_SELF = YES;
				CLANG_WARN_OBJC_LITERAL_CONVERSION = YES;
				CLANG_WARN_OBJC_ROOT_CLASS = YES_ERROR;
				CLANG_WARN_RANGE_LOOP_ANALYSIS = YES;
				CLANG_WARN_STRICT_PROTOTYPES = YES;
				CLANG_WARN_SUSPICIOUS_MOVE = YES;
				CLANG_WARN_UNGUARDED_AVAILABILITY = YES_AGGRESSIVE;
				CLANG_WARN_UNREACHABLE_CODE = YES;
				CLANG_WARN__DUPLICATE_METHOD_MATCH = YES;
				CODE_SIGN_IDENTITY = "iPhone Developer";
				COPY_PHASE_STRIP = NO;
				DEBUG_INFORMATION_FORMAT = dwarf;
				ENABLE_STRICT_OBJC_MSGSEND = YES;
				ENABLE_TESTABILITY = YES;
				GCC_C_LANGUAGE_STANDARD = gnu11;
				GCC_DYNAMIC_NO_PIC = NO;
				GCC_NO_COMMON_BLOCKS = YES;
				GCC_OPTIMIZATION_LEVEL = 0;
				GCC_PREPROCESSOR_DEFINITIONS = (
					"DEBUG=1",
					"$(inherited)",
				);
				GCC_WARN_64_TO_32_BIT_CONVERSION = YES;
				GCC_WARN_ABOUT_RETURN_TYPE = YES_ERROR;
				GCC_WARN_UNDECLARED_SELECTOR = YES;
				GCC_WARN_UNINITIALIZED_AUTOS = YES_AGGRESSIVE;
				GCC_WARN_UNUSED_FUNCTION = YES;
				GCC_WARN_UNUSED_VARIABLE = YES;
				IPHONEOS_DEPLOYMENT_TARGET = 12.2;
				MTL_ENABLE_DEBUG_INFO = INCLUDE_SOURCE;
				MTL_FAST_MATH = YES;
				ONLY_ACTIVE_ARCH = YES;
				SDKROOT = iphoneos;
				SWIFT_ACTIVE_COMPILATION_CONDITIONS = DEBUG;
				SWIFT_OPTIMIZATION_LEVEL = "-Onone";
			};
			name = Debug;
		};
		1FAC1B4B2322C01600304173 /* Release */ = {
			isa = XCBuildConfiguration;
			buildSettings = {
				ALWAYS_SEARCH_USER_PATHS = NO;
				CLANG_ANALYZER_NONNULL = YES;
				CLANG_ANALYZER_NUMBER_OBJECT_CONVERSION = YES_AGGRESSIVE;
				CLANG_CXX_LANGUAGE_STANDARD = "gnu++14";
				CLANG_CXX_LIBRARY = "libc++";
				CLANG_ENABLE_MODULES = YES;
				CLANG_ENABLE_OBJC_ARC = YES;
				CLANG_ENABLE_OBJC_WEAK = YES;
				CLANG_WARN_BLOCK_CAPTURE_AUTORELEASING = YES;
				CLANG_WARN_BOOL_CONVERSION = YES;
				CLANG_WARN_COMMA = YES;
				CLANG_WARN_CONSTANT_CONVERSION = YES;
				CLANG_WARN_DEPRECATED_OBJC_IMPLEMENTATIONS = YES;
				CLANG_WARN_DIRECT_OBJC_ISA_USAGE = YES_ERROR;
				CLANG_WARN_DOCUMENTATION_COMMENTS = YES;
				CLANG_WARN_EMPTY_BODY = YES;
				CLANG_WARN_ENUM_CONVERSION = YES;
				CLANG_WARN_INFINITE_RECURSION = YES;
				CLANG_WARN_INT_CONVERSION = YES;
				CLANG_WARN_NON_LITERAL_NULL_CONVERSION = YES;
				CLANG_WARN_OBJC_IMPLICIT_RETAIN_SELF = YES;
				CLANG_WARN_OBJC_LITERAL_CONVERSION = YES;
				CLANG_WARN_OBJC_ROOT_CLASS = YES_ERROR;
				CLANG_WARN_RANGE_LOOP_ANALYSIS = YES;
				CLANG_WARN_STRICT_PROTOTYPES = YES;
				CLANG_WARN_SUSPICIOUS_MOVE = YES;
				CLANG_WARN_UNGUARDED_AVAILABILITY = YES_AGGRESSIVE;
				CLANG_WARN_UNREACHABLE_CODE = YES;
				CLANG_WARN__DUPLICATE_METHOD_MATCH = YES;
				CODE_SIGN_IDENTITY = "iPhone Developer";
				COPY_PHASE_STRIP = NO;
				DEBUG_INFORMATION_FORMAT = "dwarf-with-dsym";
				ENABLE_NS_ASSERTIONS = NO;
				ENABLE_STRICT_OBJC_MSGSEND = YES;
				GCC_C_LANGUAGE_STANDARD = gnu11;
				GCC_NO_COMMON_BLOCKS = YES;
				GCC_WARN_64_TO_32_BIT_CONVERSION = YES;
				GCC_WARN_ABOUT_RETURN_TYPE = YES_ERROR;
				GCC_WARN_UNDECLARED_SELECTOR = YES;
				GCC_WARN_UNINITIALIZED_AUTOS = YES_AGGRESSIVE;
				GCC_WARN_UNUSED_FUNCTION = YES;
				GCC_WARN_UNUSED_VARIABLE = YES;
				IPHONEOS_DEPLOYMENT_TARGET = 12.2;
				MTL_ENABLE_DEBUG_INFO = NO;
				MTL_FAST_MATH = YES;
				SDKROOT = iphoneos;
				SWIFT_COMPILATION_MODE = wholemodule;
				SWIFT_OPTIMIZATION_LEVEL = "-O";
				VALIDATE_PRODUCT = YES;
			};
			name = Release;
		};
		1FAC1B4D2322C01600304173 /* Debug */ = {
			isa = XCBuildConfiguration;
			baseConfigurationReference = 417F5CAC574B5DCE663D4006 /* Pods-TheCampusApp.debug.xcconfig */;
			buildSettings = {
				ASSETCATALOG_COMPILER_APPICON_NAME = AppIcon;
				CODE_SIGN_STYLE = Automatic;
				DEVELOPMENT_TEAM = "";
				INFOPLIST_FILE = TheCampusApp/Info.plist;
				IPHONEOS_DEPLOYMENT_TARGET = 11.0;
				LD_RUNPATH_SEARCH_PATHS = (
					"$(inherited)",
					"@executable_path/Frameworks",
				);
				PRODUCT_BUNDLE_IDENTIFIER = HM.TheCampusApp;
				PRODUCT_NAME = "$(TARGET_NAME)";
				SWIFT_VERSION = 5.0;
				TARGETED_DEVICE_FAMILY = 1;
			};
			name = Debug;
		};
		1FAC1B4E2322C01600304173 /* Release */ = {
			isa = XCBuildConfiguration;
			baseConfigurationReference = BB17A7C889B19A12BE30D3EB /* Pods-TheCampusApp.release.xcconfig */;
			buildSettings = {
				ASSETCATALOG_COMPILER_APPICON_NAME = AppIcon;
				CODE_SIGN_STYLE = Automatic;
				DEVELOPMENT_TEAM = "";
				INFOPLIST_FILE = TheCampusApp/Info.plist;
				IPHONEOS_DEPLOYMENT_TARGET = 11.0;
				LD_RUNPATH_SEARCH_PATHS = (
					"$(inherited)",
					"@executable_path/Frameworks",
				);
				PRODUCT_BUNDLE_IDENTIFIER = HM.TheCampusApp;
				PRODUCT_NAME = "$(TARGET_NAME)";
				SWIFT_VERSION = 5.0;
				TARGETED_DEVICE_FAMILY = 1;
			};
			name = Release;
		};
		1FAC1B502322C01600304173 /* Debug */ = {
			isa = XCBuildConfiguration;
			buildSettings = {
				ALWAYS_EMBED_SWIFT_STANDARD_LIBRARIES = YES;
				BUNDLE_LOADER = "$(TEST_HOST)";
				CODE_SIGN_STYLE = Automatic;
				INFOPLIST_FILE = TheCampusAppTests/Info.plist;
				LD_RUNPATH_SEARCH_PATHS = (
					"$(inherited)",
					"@executable_path/Frameworks",
					"@loader_path/Frameworks",
				);
				PRODUCT_BUNDLE_IDENTIFIER = HM.TheCampusAppTests;
				PRODUCT_NAME = "$(TARGET_NAME)";
				SWIFT_VERSION = 5.0;
				TARGETED_DEVICE_FAMILY = "1,2";
				TEST_HOST = "$(BUILT_PRODUCTS_DIR)/TheCampusApp.app/TheCampusApp";
			};
			name = Debug;
		};
		1FAC1B512322C01600304173 /* Release */ = {
			isa = XCBuildConfiguration;
			buildSettings = {
				ALWAYS_EMBED_SWIFT_STANDARD_LIBRARIES = YES;
				BUNDLE_LOADER = "$(TEST_HOST)";
				CODE_SIGN_STYLE = Automatic;
				INFOPLIST_FILE = TheCampusAppTests/Info.plist;
				LD_RUNPATH_SEARCH_PATHS = (
					"$(inherited)",
					"@executable_path/Frameworks",
					"@loader_path/Frameworks",
				);
				PRODUCT_BUNDLE_IDENTIFIER = HM.TheCampusAppTests;
				PRODUCT_NAME = "$(TARGET_NAME)";
				SWIFT_VERSION = 5.0;
				TARGETED_DEVICE_FAMILY = "1,2";
				TEST_HOST = "$(BUILT_PRODUCTS_DIR)/TheCampusApp.app/TheCampusApp";
			};
			name = Release;
		};
		1FAC1B532322C01600304173 /* Debug */ = {
			isa = XCBuildConfiguration;
			buildSettings = {
				ALWAYS_EMBED_SWIFT_STANDARD_LIBRARIES = YES;
				CODE_SIGN_STYLE = Automatic;
				INFOPLIST_FILE = TheCampusAppUITests/Info.plist;
				LD_RUNPATH_SEARCH_PATHS = (
					"$(inherited)",
					"@executable_path/Frameworks",
					"@loader_path/Frameworks",
				);
				PRODUCT_BUNDLE_IDENTIFIER = HM.TheCampusAppUITests;
				PRODUCT_NAME = "$(TARGET_NAME)";
				SWIFT_VERSION = 5.0;
				TARGETED_DEVICE_FAMILY = "1,2";
				TEST_TARGET_NAME = TheCampusApp;
			};
			name = Debug;
		};
		1FAC1B542322C01600304173 /* Release */ = {
			isa = XCBuildConfiguration;
			buildSettings = {
				ALWAYS_EMBED_SWIFT_STANDARD_LIBRARIES = YES;
				CODE_SIGN_STYLE = Automatic;
				INFOPLIST_FILE = TheCampusAppUITests/Info.plist;
				LD_RUNPATH_SEARCH_PATHS = (
					"$(inherited)",
					"@executable_path/Frameworks",
					"@loader_path/Frameworks",
				);
				PRODUCT_BUNDLE_IDENTIFIER = HM.TheCampusAppUITests;
				PRODUCT_NAME = "$(TARGET_NAME)";
				SWIFT_VERSION = 5.0;
				TARGETED_DEVICE_FAMILY = "1,2";
				TEST_TARGET_NAME = TheCampusApp;
			};
			name = Release;
		};
/* End XCBuildConfiguration section */

/* Begin XCConfigurationList section */
		1FAC1B1F2322C01300304173 /* Build configuration list for PBXProject "TheCampusApp" */ = {
			isa = XCConfigurationList;
			buildConfigurations = (
				1FAC1B4A2322C01600304173 /* Debug */,
				1FAC1B4B2322C01600304173 /* Release */,
			);
			defaultConfigurationIsVisible = 0;
			defaultConfigurationName = Release;
		};
		1FAC1B4C2322C01600304173 /* Build configuration list for PBXNativeTarget "TheCampusApp" */ = {
			isa = XCConfigurationList;
			buildConfigurations = (
				1FAC1B4D2322C01600304173 /* Debug */,
				1FAC1B4E2322C01600304173 /* Release */,
			);
			defaultConfigurationIsVisible = 0;
			defaultConfigurationName = Release;
		};
		1FAC1B4F2322C01600304173 /* Build configuration list for PBXNativeTarget "TheCampusAppTests" */ = {
			isa = XCConfigurationList;
			buildConfigurations = (
				1FAC1B502322C01600304173 /* Debug */,
				1FAC1B512322C01600304173 /* Release */,
			);
			defaultConfigurationIsVisible = 0;
			defaultConfigurationName = Release;
		};
		1FAC1B522322C01600304173 /* Build configuration list for PBXNativeTarget "TheCampusAppUITests" */ = {
			isa = XCConfigurationList;
			buildConfigurations = (
				1FAC1B532322C01600304173 /* Debug */,
				1FAC1B542322C01600304173 /* Release */,
			);
			defaultConfigurationIsVisible = 0;
			defaultConfigurationName = Release;
		};
/* End XCConfigurationList section */
	};
	rootObject = 1FAC1B1C2322C01300304173 /* Project object */;
}
