// !$*UTF8*$!
{
	archiveVersion = 1;
	classes = {
	};
	objectVersion = 50;
	objects = {

/* Begin PBXBuildFile section */
		00EBA7FD2337BA5A00539A31 /* LoginViewController.swift in Sources */ = {isa = PBXBuildFile; fileRef = 00EBA7FC2337BA5A00539A31 /* LoginViewController.swift */; };
		00EBA7FF2337BA7400539A31 /* SignupViewController.swift in Sources */ = {isa = PBXBuildFile; fileRef = 00EBA7FE2337BA7400539A31 /* SignupViewController.swift */; };
		00EBA8032337CBC700539A31 /* Constraints.swift in Sources */ = {isa = PBXBuildFile; fileRef = 00EBA8022337CBC700539A31 /* Constraints.swift */; };
		00EBA805233CBFF400539A31 /* Dismiss.swift in Sources */ = {isa = PBXBuildFile; fileRef = 00EBA804233CBFF400539A31 /* Dismiss.swift */; };
		00EBA808233D468300539A31 /* MainTabBarController.swift in Sources */ = {isa = PBXBuildFile; fileRef = 00EBA807233D468300539A31 /* MainTabBarController.swift */; };
		00EBA80B233DEA0000539A31 /* UserData.swift in Sources */ = {isa = PBXBuildFile; fileRef = 00EBA80A233DEA0000539A31 /* UserData.swift */; };
		00EBA80D233DEB5C00539A31 /* UIImage.swift in Sources */ = {isa = PBXBuildFile; fileRef = 00EBA80C233DEB5C00539A31 /* UIImage.swift */; };
		00EBA810233DF16900539A31 /* HomeViewController.swift in Sources */ = {isa = PBXBuildFile; fileRef = 00EBA80F233DF16900539A31 /* HomeViewController.swift */; };
		00EBA812233DF18A00539A31 /* PostViewController.swift in Sources */ = {isa = PBXBuildFile; fileRef = 00EBA811233DF18A00539A31 /* PostViewController.swift */; };
		00EBA814233DF1AB00539A31 /* ProfileViewController.swift in Sources */ = {isa = PBXBuildFile; fileRef = 00EBA813233DF1AB00539A31 /* ProfileViewController.swift */; };
		00EBA817233E217E00539A31 /* ProfileHeader.swift in Sources */ = {isa = PBXBuildFile; fileRef = 00EBA816233E217E00539A31 /* ProfileHeader.swift */; };
		00EBA819233E986D00539A31 /* PostCell.swift in Sources */ = {isa = PBXBuildFile; fileRef = 00EBA818233E986D00539A31 /* PostCell.swift */; };
		00EBA81B233E9B2200539A31 /* Constants.swift in Sources */ = {isa = PBXBuildFile; fileRef = 00EBA81A233E9B2200539A31 /* Constants.swift */; };
		00EBA823233FCA9C00539A31 /* String.swift in Sources */ = {isa = PBXBuildFile; fileRef = 00EBA822233FCA9C00539A31 /* String.swift */; };
		00EBA82623406ECD00539A31 /* CustomToolBar.swift in Sources */ = {isa = PBXBuildFile; fileRef = 00EBA82523406ECD00539A31 /* CustomToolBar.swift */; };
		00EBA84E23448AE500539A31 /* TextEditor.html in Resources */ = {isa = PBXBuildFile; fileRef = 00EBA84D23448AE500539A31 /* TextEditor.html */; };
		00EBA85023448AEF00539A31 /* TextEditor.js in Resources */ = {isa = PBXBuildFile; fileRef = 00EBA84F23448AEF00539A31 /* TextEditor.js */; };
		00EBA85223448AF600539A31 /* TextEditor.swift in Sources */ = {isa = PBXBuildFile; fileRef = 00EBA85123448AF600539A31 /* TextEditor.swift */; };
		00EBA8572344FD0900539A31 /* QuestionHeader.html in Resources */ = {isa = PBXBuildFile; fileRef = 00EBA8562344FD0900539A31 /* QuestionHeader.html */; };
		00EBA8592344FD1C00539A31 /* QuestionDescription.html in Resources */ = {isa = PBXBuildFile; fileRef = 00EBA8582344FD1C00539A31 /* QuestionDescription.html */; };
		00EBA85B23452A2500539A31 /* File.html in Resources */ = {isa = PBXBuildFile; fileRef = 00EBA85A23452A2500539A31 /* File.html */; };
		00EBA87723462B2F00539A31 /* Storage.swift in Sources */ = {isa = PBXBuildFile; fileRef = 00EBA86123462B2F00539A31 /* Storage.swift */; };
		00EBA87823462B2F00539A31 /* UniversalTypes.swift in Sources */ = {isa = PBXBuildFile; fileRef = 00EBA86223462B2F00539A31 /* UniversalTypes.swift */; };
		00EBA87923462B2F00539A31 /* Notepad.m in Sources */ = {isa = PBXBuildFile; fileRef = 00EBA86323462B2F00539A31 /* Notepad.m */; };
		00EBA87A23462B2F00539A31 /* Element.swift in Sources */ = {isa = PBXBuildFile; fileRef = 00EBA86423462B2F00539A31 /* Element.swift */; };
		00EBA87B23462B2F00539A31 /* Notepad-iOS.swift in Sources */ = {isa = PBXBuildFile; fileRef = 00EBA86523462B2F00539A31 /* Notepad-iOS.swift */; };
		00EBA87C23462B2F00539A31 /* Extensions.swift in Sources */ = {isa = PBXBuildFile; fileRef = 00EBA86623462B2F00539A31 /* Extensions.swift */; };
		00EBA87D23462B2F00539A31 /* Notepad-macOS.swift in Sources */ = {isa = PBXBuildFile; fileRef = 00EBA86723462B2F00539A31 /* Notepad-macOS.swift */; };
		00EBA87E23462B2F00539A31 /* Style.swift in Sources */ = {isa = PBXBuildFile; fileRef = 00EBA86823462B2F00539A31 /* Style.swift */; };
		00EBA87F23462B2F00539A31 /* Theme.swift in Sources */ = {isa = PBXBuildFile; fileRef = 00EBA86A23462B2F00539A31 /* Theme.swift */; };
		00EBA88023462B2F00539A31 /* solarized-light.json in Resources */ = {isa = PBXBuildFile; fileRef = 00EBA86C23462B2F00539A31 /* solarized-light.json */; };
		00EBA88123462B2F00539A31 /* one-light.json in Resources */ = {isa = PBXBuildFile; fileRef = 00EBA86D23462B2F00539A31 /* one-light.json */; };
		00EBA88223462B2F00539A31 /* one-light-custom.json in Resources */ = {isa = PBXBuildFile; fileRef = 00EBA86E23462B2F00539A31 /* one-light-custom.json */; };
		00EBA88323462B2F00539A31 /* base16-tomorrow-dark.json in Resources */ = {isa = PBXBuildFile; fileRef = 00EBA86F23462B2F00539A31 /* base16-tomorrow-dark.json */; };
		00EBA88423462B2F00539A31 /* base16-tomorrow-light.json in Resources */ = {isa = PBXBuildFile; fileRef = 00EBA87023462B2F00539A31 /* base16-tomorrow-light.json */; };
		00EBA88523462B2F00539A31 /* system-minimal.json in Resources */ = {isa = PBXBuildFile; fileRef = 00EBA87123462B2F00539A31 /* system-minimal.json */; };
		00EBA88623462B2F00539A31 /* blues-clues.json in Resources */ = {isa = PBXBuildFile; fileRef = 00EBA87223462B2F00539A31 /* blues-clues.json */; };
		00EBA88723462B2F00539A31 /* solarized-dark.json in Resources */ = {isa = PBXBuildFile; fileRef = 00EBA87323462B2F00539A31 /* solarized-dark.json */; };
		00EBA88823462B2F00539A31 /* one-dark-custom.json in Resources */ = {isa = PBXBuildFile; fileRef = 00EBA87423462B2F00539A31 /* one-dark-custom.json */; };
		00EBA88923462B2F00539A31 /* one-dark.json in Resources */ = {isa = PBXBuildFile; fileRef = 00EBA87523462B2F00539A31 /* one-dark.json */; };
		00EBA88C2348AD8900539A31 /* EventHandlers.swift in Sources */ = {isa = PBXBuildFile; fileRef = 00EBA88B2348AD8900539A31 /* EventHandlers.swift */; };
		00EBA88E2348ADBB00539A31 /* Keyboard Events.swift in Sources */ = {isa = PBXBuildFile; fileRef = 00EBA88D2348ADBB00539A31 /* Keyboard Events.swift */; };
		00EBA8902348ADD900539A31 /* Ask Button.swift in Sources */ = {isa = PBXBuildFile; fileRef = 00EBA88F2348ADD900539A31 /* Ask Button.swift */; };
		00EBA8922348ADFE00539A31 /* Rich Text Editor.swift in Sources */ = {isa = PBXBuildFile; fileRef = 00EBA8912348ADFE00539A31 /* Rich Text Editor.swift */; };
		00EBA8942348C68100539A31 /* UIFont.swift in Sources */ = {isa = PBXBuildFile; fileRef = 00EBA8932348C68100539A31 /* UIFont.swift */; };
		00EBA898234DB90200539A31 /* Image Picker.swift in Sources */ = {isa = PBXBuildFile; fileRef = 00EBA897234DB90200539A31 /* Image Picker.swift */; };
		1FAC1B282322C01300304173 /* AppDelegate.swift in Sources */ = {isa = PBXBuildFile; fileRef = 1FAC1B272322C01300304173 /* AppDelegate.swift */; };
		1FAC1B2A2322C01300304173 /* ViewController.swift in Sources */ = {isa = PBXBuildFile; fileRef = 1FAC1B292322C01300304173 /* ViewController.swift */; };
		1FAC1B2D2322C01300304173 /* Main.storyboard in Resources */ = {isa = PBXBuildFile; fileRef = 1FAC1B2B2322C01300304173 /* Main.storyboard */; };
		1FAC1B2F2322C01600304173 /* Assets.xcassets in Resources */ = {isa = PBXBuildFile; fileRef = 1FAC1B2E2322C01600304173 /* Assets.xcassets */; };
		1FAC1B322322C01600304173 /* LaunchScreen.storyboard in Resources */ = {isa = PBXBuildFile; fileRef = 1FAC1B302322C01600304173 /* LaunchScreen.storyboard */; };
		1FAC1B3D2322C01600304173 /* TheCampusAppTests.swift in Sources */ = {isa = PBXBuildFile; fileRef = 1FAC1B3C2322C01600304173 /* TheCampusAppTests.swift */; };
		1FAC1B482322C01600304173 /* TheCampusAppUITests.swift in Sources */ = {isa = PBXBuildFile; fileRef = 1FAC1B472322C01600304173 /* TheCampusAppUITests.swift */; };
		1FAC1B582322DB7600304173 /* GoogleService-Info.plist in Resources */ = {isa = PBXBuildFile; fileRef = 1FAC1B572322DB7600304173 /* GoogleService-Info.plist */; };
		9D271F48D82A9C027674A2D1 /* Pods_TheCampusApp.framework in Frameworks */ = {isa = PBXBuildFile; fileRef = 70E953C4A1AC51430DE174A7 /* Pods_TheCampusApp.framework */; };
/* End PBXBuildFile section */

/* Begin PBXContainerItemProxy section */
		1FAC1B392322C01600304173 /* PBXContainerItemProxy */ = {
			isa = PBXContainerItemProxy;
			containerPortal = 1FAC1B1C2322C01300304173 /* Project object */;
			proxyType = 1;
			remoteGlobalIDString = 1FAC1B232322C01300304173;
			remoteInfo = TheCampusApp;
		};
		1FAC1B442322C01600304173 /* PBXContainerItemProxy */ = {
			isa = PBXContainerItemProxy;
			containerPortal = 1FAC1B1C2322C01300304173 /* Project object */;
			proxyType = 1;
			remoteGlobalIDString = 1FAC1B232322C01300304173;
			remoteInfo = TheCampusApp;
		};
/* End PBXContainerItemProxy section */

/* Begin PBXFileReference section */
		00EBA7FC2337BA5A00539A31 /* LoginViewController.swift */ = {isa = PBXFileReference; lastKnownFileType = sourcecode.swift; path = LoginViewController.swift; sourceTree = "<group>"; };
		00EBA7FE2337BA7400539A31 /* SignupViewController.swift */ = {isa = PBXFileReference; lastKnownFileType = sourcecode.swift; path = SignupViewController.swift; sourceTree = "<group>"; };
		00EBA8022337CBC700539A31 /* Constraints.swift */ = {isa = PBXFileReference; lastKnownFileType = sourcecode.swift; path = Constraints.swift; sourceTree = "<group>"; };
		00EBA804233CBFF400539A31 /* Dismiss.swift */ = {isa = PBXFileReference; lastKnownFileType = sourcecode.swift; path = Dismiss.swift; sourceTree = "<group>"; };
		00EBA807233D468300539A31 /* MainTabBarController.swift */ = {isa = PBXFileReference; lastKnownFileType = sourcecode.swift; path = MainTabBarController.swift; sourceTree = "<group>"; };
		00EBA80A233DEA0000539A31 /* UserData.swift */ = {isa = PBXFileReference; lastKnownFileType = sourcecode.swift; path = UserData.swift; sourceTree = "<group>"; };
		00EBA80C233DEB5C00539A31 /* UIImage.swift */ = {isa = PBXFileReference; lastKnownFileType = sourcecode.swift; path = UIImage.swift; sourceTree = "<group>"; };
		00EBA80F233DF16900539A31 /* HomeViewController.swift */ = {isa = PBXFileReference; lastKnownFileType = sourcecode.swift; path = HomeViewController.swift; sourceTree = "<group>"; };
		00EBA811233DF18A00539A31 /* PostViewController.swift */ = {isa = PBXFileReference; lastKnownFileType = sourcecode.swift; path = PostViewController.swift; sourceTree = "<group>"; };
		00EBA813233DF1AB00539A31 /* ProfileViewController.swift */ = {isa = PBXFileReference; lastKnownFileType = sourcecode.swift; path = ProfileViewController.swift; sourceTree = "<group>"; };
		00EBA816233E217E00539A31 /* ProfileHeader.swift */ = {isa = PBXFileReference; lastKnownFileType = sourcecode.swift; path = ProfileHeader.swift; sourceTree = "<group>"; };
		00EBA818233E986D00539A31 /* PostCell.swift */ = {isa = PBXFileReference; lastKnownFileType = sourcecode.swift; path = PostCell.swift; sourceTree = "<group>"; };
		00EBA81A233E9B2200539A31 /* Constants.swift */ = {isa = PBXFileReference; lastKnownFileType = sourcecode.swift; path = Constants.swift; sourceTree = "<group>"; };
		00EBA822233FCA9C00539A31 /* String.swift */ = {isa = PBXFileReference; lastKnownFileType = sourcecode.swift; path = String.swift; sourceTree = "<group>"; };
		00EBA82523406ECD00539A31 /* CustomToolBar.swift */ = {isa = PBXFileReference; lastKnownFileType = sourcecode.swift; path = CustomToolBar.swift; sourceTree = "<group>"; };
		00EBA84D23448AE500539A31 /* TextEditor.html */ = {isa = PBXFileReference; fileEncoding = 4; lastKnownFileType = text.html; path = TextEditor.html; sourceTree = "<group>"; };
		00EBA84F23448AEF00539A31 /* TextEditor.js */ = {isa = PBXFileReference; fileEncoding = 4; indentWidth = 4; lastKnownFileType = sourcecode.javascript; path = TextEditor.js; sourceTree = "<group>"; tabWidth = 1; usesTabs = 0; };
		00EBA85123448AF600539A31 /* TextEditor.swift */ = {isa = PBXFileReference; fileEncoding = 4; lastKnownFileType = sourcecode.swift; path = TextEditor.swift; sourceTree = "<group>"; };
		00EBA8562344FD0900539A31 /* QuestionHeader.html */ = {isa = PBXFileReference; lastKnownFileType = text.html; path = QuestionHeader.html; sourceTree = "<group>"; };
		00EBA8582344FD1C00539A31 /* QuestionDescription.html */ = {isa = PBXFileReference; lastKnownFileType = text.html; path = QuestionDescription.html; sourceTree = "<group>"; };
		00EBA85A23452A2500539A31 /* File.html */ = {isa = PBXFileReference; lastKnownFileType = text.html; path = File.html; sourceTree = "<group>"; };
		00EBA86123462B2F00539A31 /* Storage.swift */ = {isa = PBXFileReference; fileEncoding = 4; lastKnownFileType = sourcecode.swift; path = Storage.swift; sourceTree = "<group>"; };
		00EBA86223462B2F00539A31 /* UniversalTypes.swift */ = {isa = PBXFileReference; fileEncoding = 4; lastKnownFileType = sourcecode.swift; path = UniversalTypes.swift; sourceTree = "<group>"; };
		00EBA86323462B2F00539A31 /* Notepad.m */ = {isa = PBXFileReference; fileEncoding = 4; lastKnownFileType = sourcecode.c.objc; path = Notepad.m; sourceTree = "<group>"; };
		00EBA86423462B2F00539A31 /* Element.swift */ = {isa = PBXFileReference; fileEncoding = 4; lastKnownFileType = sourcecode.swift; path = Element.swift; sourceTree = "<group>"; };
		00EBA86523462B2F00539A31 /* Notepad-iOS.swift */ = {isa = PBXFileReference; fileEncoding = 4; lastKnownFileType = sourcecode.swift; path = "Notepad-iOS.swift"; sourceTree = "<group>"; };
		00EBA86623462B2F00539A31 /* Extensions.swift */ = {isa = PBXFileReference; fileEncoding = 4; lastKnownFileType = sourcecode.swift; path = Extensions.swift; sourceTree = "<group>"; };
		00EBA86723462B2F00539A31 /* Notepad-macOS.swift */ = {isa = PBXFileReference; fileEncoding = 4; lastKnownFileType = sourcecode.swift; path = "Notepad-macOS.swift"; sourceTree = "<group>"; };
		00EBA86823462B2F00539A31 /* Style.swift */ = {isa = PBXFileReference; fileEncoding = 4; lastKnownFileType = sourcecode.swift; path = Style.swift; sourceTree = "<group>"; };
		00EBA86923462B2F00539A31 /* Notepad.h */ = {isa = PBXFileReference; fileEncoding = 4; lastKnownFileType = sourcecode.c.h; path = Notepad.h; sourceTree = "<group>"; };
		00EBA86A23462B2F00539A31 /* Theme.swift */ = {isa = PBXFileReference; fileEncoding = 4; lastKnownFileType = sourcecode.swift; path = Theme.swift; sourceTree = "<group>"; };
		00EBA86C23462B2F00539A31 /* solarized-light.json */ = {isa = PBXFileReference; fileEncoding = 4; lastKnownFileType = text.json; path = "solarized-light.json"; sourceTree = "<group>"; };
		00EBA86D23462B2F00539A31 /* one-light.json */ = {isa = PBXFileReference; fileEncoding = 4; lastKnownFileType = text.json; path = "one-light.json"; sourceTree = "<group>"; };
		00EBA86E23462B2F00539A31 /* one-light-custom.json */ = {isa = PBXFileReference; fileEncoding = 4; lastKnownFileType = text.json; path = "one-light-custom.json"; sourceTree = "<group>"; };
		00EBA86F23462B2F00539A31 /* base16-tomorrow-dark.json */ = {isa = PBXFileReference; fileEncoding = 4; lastKnownFileType = text.json; path = "base16-tomorrow-dark.json"; sourceTree = "<group>"; };
		00EBA87023462B2F00539A31 /* base16-tomorrow-light.json */ = {isa = PBXFileReference; fileEncoding = 4; lastKnownFileType = text.json; path = "base16-tomorrow-light.json"; sourceTree = "<group>"; };
		00EBA87123462B2F00539A31 /* system-minimal.json */ = {isa = PBXFileReference; fileEncoding = 4; lastKnownFileType = text.json; path = "system-minimal.json"; sourceTree = "<group>"; };
		00EBA87223462B2F00539A31 /* blues-clues.json */ = {isa = PBXFileReference; fileEncoding = 4; lastKnownFileType = text.json; path = "blues-clues.json"; sourceTree = "<group>"; };
		00EBA87323462B2F00539A31 /* solarized-dark.json */ = {isa = PBXFileReference; fileEncoding = 4; lastKnownFileType = text.json; path = "solarized-dark.json"; sourceTree = "<group>"; };
		00EBA87423462B2F00539A31 /* one-dark-custom.json */ = {isa = PBXFileReference; fileEncoding = 4; lastKnownFileType = text.json; path = "one-dark-custom.json"; sourceTree = "<group>"; };
		00EBA87523462B2F00539A31 /* one-dark.json */ = {isa = PBXFileReference; fileEncoding = 4; lastKnownFileType = text.json; path = "one-dark.json"; sourceTree = "<group>"; };
		00EBA88B2348AD8900539A31 /* EventHandlers.swift */ = {isa = PBXFileReference; lastKnownFileType = sourcecode.swift; path = EventHandlers.swift; sourceTree = "<group>"; };
		00EBA88D2348ADBB00539A31 /* Keyboard Events.swift */ = {isa = PBXFileReference; lastKnownFileType = sourcecode.swift; path = "Keyboard Events.swift"; sourceTree = "<group>"; };
		00EBA88F2348ADD900539A31 /* Ask Button.swift */ = {isa = PBXFileReference; lastKnownFileType = sourcecode.swift; path = "Ask Button.swift"; sourceTree = "<group>"; };
		00EBA8912348ADFE00539A31 /* Rich Text Editor.swift */ = {isa = PBXFileReference; lastKnownFileType = sourcecode.swift; path = "Rich Text Editor.swift"; sourceTree = "<group>"; };
		00EBA8932348C68100539A31 /* UIFont.swift */ = {isa = PBXFileReference; lastKnownFileType = sourcecode.swift; path = UIFont.swift; sourceTree = "<group>"; };
		00EBA897234DB90200539A31 /* Image Picker.swift */ = {isa = PBXFileReference; lastKnownFileType = sourcecode.swift; path = "Image Picker.swift"; sourceTree = "<group>"; };
		1FAC1B242322C01300304173 /* TheCampusApp.app */ = {isa = PBXFileReference; explicitFileType = wrapper.application; includeInIndex = 0; path = TheCampusApp.app; sourceTree = BUILT_PRODUCTS_DIR; };
		1FAC1B272322C01300304173 /* AppDelegate.swift */ = {isa = PBXFileReference; lastKnownFileType = sourcecode.swift; path = AppDelegate.swift; sourceTree = "<group>"; };
		1FAC1B292322C01300304173 /* ViewController.swift */ = {isa = PBXFileReference; lastKnownFileType = sourcecode.swift; path = ViewController.swift; sourceTree = "<group>"; };
		1FAC1B2C2322C01300304173 /* Base */ = {isa = PBXFileReference; lastKnownFileType = file.storyboard; name = Base; path = Base.lproj/Main.storyboard; sourceTree = "<group>"; };
		1FAC1B2E2322C01600304173 /* Assets.xcassets */ = {isa = PBXFileReference; lastKnownFileType = folder.assetcatalog; path = Assets.xcassets; sourceTree = "<group>"; };
		1FAC1B312322C01600304173 /* Base */ = {isa = PBXFileReference; lastKnownFileType = file.storyboard; name = Base; path = Base.lproj/LaunchScreen.storyboard; sourceTree = "<group>"; };
		1FAC1B332322C01600304173 /* Info.plist */ = {isa = PBXFileReference; lastKnownFileType = text.plist.xml; path = Info.plist; sourceTree = "<group>"; };
		1FAC1B382322C01600304173 /* TheCampusAppTests.xctest */ = {isa = PBXFileReference; explicitFileType = wrapper.cfbundle; includeInIndex = 0; path = TheCampusAppTests.xctest; sourceTree = BUILT_PRODUCTS_DIR; };
		1FAC1B3C2322C01600304173 /* TheCampusAppTests.swift */ = {isa = PBXFileReference; lastKnownFileType = sourcecode.swift; path = TheCampusAppTests.swift; sourceTree = "<group>"; };
		1FAC1B3E2322C01600304173 /* Info.plist */ = {isa = PBXFileReference; lastKnownFileType = text.plist.xml; path = Info.plist; sourceTree = "<group>"; };
		1FAC1B432322C01600304173 /* TheCampusAppUITests.xctest */ = {isa = PBXFileReference; explicitFileType = wrapper.cfbundle; includeInIndex = 0; path = TheCampusAppUITests.xctest; sourceTree = BUILT_PRODUCTS_DIR; };
		1FAC1B472322C01600304173 /* TheCampusAppUITests.swift */ = {isa = PBXFileReference; lastKnownFileType = sourcecode.swift; path = TheCampusAppUITests.swift; sourceTree = "<group>"; };
		1FAC1B492322C01600304173 /* Info.plist */ = {isa = PBXFileReference; lastKnownFileType = text.plist.xml; path = Info.plist; sourceTree = "<group>"; };
		1FAC1B572322DB7600304173 /* GoogleService-Info.plist */ = {isa = PBXFileReference; fileEncoding = 4; lastKnownFileType = text.plist.xml; path = "GoogleService-Info.plist"; sourceTree = SOURCE_ROOT; };
		417F5CAC574B5DCE663D4006 /* Pods-TheCampusApp.debug.xcconfig */ = {isa = PBXFileReference; includeInIndex = 1; lastKnownFileType = text.xcconfig; name = "Pods-TheCampusApp.debug.xcconfig"; path = "Target Support Files/Pods-TheCampusApp/Pods-TheCampusApp.debug.xcconfig"; sourceTree = "<group>"; };
		70E953C4A1AC51430DE174A7 /* Pods_TheCampusApp.framework */ = {isa = PBXFileReference; explicitFileType = wrapper.framework; includeInIndex = 0; path = Pods_TheCampusApp.framework; sourceTree = BUILT_PRODUCTS_DIR; };
		BB17A7C889B19A12BE30D3EB /* Pods-TheCampusApp.release.xcconfig */ = {isa = PBXFileReference; includeInIndex = 1; lastKnownFileType = text.xcconfig; name = "Pods-TheCampusApp.release.xcconfig"; path = "Target Support Files/Pods-TheCampusApp/Pods-TheCampusApp.release.xcconfig"; sourceTree = "<group>"; };
/* End PBXFileReference section */

/* Begin PBXFrameworksBuildPhase section */
		1FAC1B212322C01300304173 /* Frameworks */ = {
			isa = PBXFrameworksBuildPhase;
			buildActionMask = 2147483647;
			files = (
				9D271F48D82A9C027674A2D1 /* Pods_TheCampusApp.framework in Frameworks */,
			);
			runOnlyForDeploymentPostprocessing = 0;
		};
		1FAC1B352322C01600304173 /* Frameworks */ = {
			isa = PBXFrameworksBuildPhase;
			buildActionMask = 2147483647;
			files = (
			);
			runOnlyForDeploymentPostprocessing = 0;
		};
		1FAC1B402322C01600304173 /* Frameworks */ = {
			isa = PBXFrameworksBuildPhase;
			buildActionMask = 2147483647;
			files = (
			);
			runOnlyForDeploymentPostprocessing = 0;
		};
/* End PBXFrameworksBuildPhase section */

/* Begin PBXGroup section */
		00EBA7FB2337BA2D00539A31 /* Login + Signup */ = {
			isa = PBXGroup;
			children = (
				00EBA7FC2337BA5A00539A31 /* LoginViewController.swift */,
				00EBA7FE2337BA7400539A31 /* SignupViewController.swift */,
			);
			path = "Login + Signup";
			sourceTree = "<group>";
		};
		00EBA8012337CBAD00539A31 /* Extensions */ = {
			isa = PBXGroup;
			children = (
				00EBA8022337CBC700539A31 /* Constraints.swift */,
				00EBA804233CBFF400539A31 /* Dismiss.swift */,
				00EBA80C233DEB5C00539A31 /* UIImage.swift */,
				00EBA822233FCA9C00539A31 /* String.swift */,
				00EBA8932348C68100539A31 /* UIFont.swift */,
			);
			path = Extensions;
			sourceTree = "<group>";
		};
		00EBA806233D464200539A31 /* Tab Bar Controller */ = {
			isa = PBXGroup;
			children = (
				00EBA807233D468300539A31 /* MainTabBarController.swift */,
			);
			path = "Tab Bar Controller";
			sourceTree = "<group>";
		};
		00EBA809233DE9E700539A31 /* User Data */ = {
			isa = PBXGroup;
			children = (
				00EBA80A233DEA0000539A31 /* UserData.swift */,
				00EBA81A233E9B2200539A31 /* Constants.swift */,
			);
			path = "User Data";
			sourceTree = "<group>";
		};
		00EBA80E233DF10700539A31 /* View Controllers */ = {
			isa = PBXGroup;
			children = (
				00EBA82423406EA600539A31 /* PostViewController */,
				00EBA815233E215E00539A31 /* ProfileViewController */,
				00EBA80F233DF16900539A31 /* HomeViewController.swift */,
			);
			path = "View Controllers";
			sourceTree = "<group>";
		};
		00EBA815233E215E00539A31 /* ProfileViewController */ = {
			isa = PBXGroup;
			children = (
				00EBA813233DF1AB00539A31 /* ProfileViewController.swift */,
				00EBA816233E217E00539A31 /* ProfileHeader.swift */,
				00EBA818233E986D00539A31 /* PostCell.swift */,
			);
			path = ProfileViewController;
			sourceTree = "<group>";
		};
		00EBA82423406EA600539A31 /* PostViewController */ = {
			isa = PBXGroup;
			children = (
				00EBA811233DF18A00539A31 /* PostViewController.swift */,
				00EBA82523406ECD00539A31 /* CustomToolBar.swift */,
				00EBA88B2348AD8900539A31 /* EventHandlers.swift */,
				00EBA88D2348ADBB00539A31 /* Keyboard Events.swift */,
				00EBA88F2348ADD900539A31 /* Ask Button.swift */,
				00EBA8912348ADFE00539A31 /* Rich Text Editor.swift */,
				00EBA897234DB90200539A31 /* Image Picker.swift */,
			);
			path = PostViewController;
			sourceTree = "<group>";
		};
		00EBA84C23448ABE00539A31 /* Text Editor */ = {
			isa = PBXGroup;
			children = (
				00EBA8562344FD0900539A31 /* QuestionHeader.html */,
				00EBA8582344FD1C00539A31 /* QuestionDescription.html */,
				00EBA84D23448AE500539A31 /* TextEditor.html */,
				00EBA84F23448AEF00539A31 /* TextEditor.js */,
				00EBA85123448AF600539A31 /* TextEditor.swift */,
				00EBA85A23452A2500539A31 /* File.html */,
			);
			path = "Text Editor";
			sourceTree = "<group>";
		};
		00EBA8532344CAFA00539A31 /* API */ = {
			isa = PBXGroup;
			children = (
			);
			path = API;
			sourceTree = "<group>";
		};
		00EBA86023462B2F00539A31 /* Notepad */ = {
			isa = PBXGroup;
			children = (
				00EBA86123462B2F00539A31 /* Storage.swift */,
				00EBA86223462B2F00539A31 /* UniversalTypes.swift */,
				00EBA86323462B2F00539A31 /* Notepad.m */,
				00EBA86423462B2F00539A31 /* Element.swift */,
				00EBA86523462B2F00539A31 /* Notepad-iOS.swift */,
				00EBA86623462B2F00539A31 /* Extensions.swift */,
				00EBA86723462B2F00539A31 /* Notepad-macOS.swift */,
				00EBA86823462B2F00539A31 /* Style.swift */,
				00EBA86923462B2F00539A31 /* Notepad.h */,
				00EBA86A23462B2F00539A31 /* Theme.swift */,
				00EBA86B23462B2F00539A31 /* themes */,
			);
			path = Notepad;
			sourceTree = "<group>";
		};
		00EBA86B23462B2F00539A31 /* themes */ = {
			isa = PBXGroup;
			children = (
				00EBA86C23462B2F00539A31 /* solarized-light.json */,
				00EBA86D23462B2F00539A31 /* one-light.json */,
				00EBA86E23462B2F00539A31 /* one-light-custom.json */,
				00EBA86F23462B2F00539A31 /* base16-tomorrow-dark.json */,
				00EBA87023462B2F00539A31 /* base16-tomorrow-light.json */,
				00EBA87123462B2F00539A31 /* system-minimal.json */,
				00EBA87223462B2F00539A31 /* blues-clues.json */,
				00EBA87323462B2F00539A31 /* solarized-dark.json */,
				00EBA87423462B2F00539A31 /* one-dark-custom.json */,
				00EBA87523462B2F00539A31 /* one-dark.json */,
			);
			path = themes;
			sourceTree = "<group>";
		};
		1FAC1B1B2322C01300304173 = {
			isa = PBXGroup;
			children = (
				1FAC1B262322C01300304173 /* TheCampusApp */,
				1FAC1B3B2322C01600304173 /* TheCampusAppTests */,
				1FAC1B462322C01600304173 /* TheCampusAppUITests */,
				1FAC1B252322C01300304173 /* Products */,
				4D716E400474BCD6DAA72BE2 /* Pods */,
				BC689F0D985935B302AE9522 /* Frameworks */,
			);
			sourceTree = "<group>";
		};
		1FAC1B252322C01300304173 /* Products */ = {
			isa = PBXGroup;
			children = (
				1FAC1B242322C01300304173 /* TheCampusApp.app */,
				1FAC1B382322C01600304173 /* TheCampusAppTests.xctest */,
				1FAC1B432322C01600304173 /* TheCampusAppUITests.xctest */,
			);
			name = Products;
			sourceTree = "<group>";
		};
		1FAC1B262322C01300304173 /* TheCampusApp */ = {
			isa = PBXGroup;
			children = (
				00EBA86023462B2F00539A31 /* Notepad */,
				00EBA8532344CAFA00539A31 /* API */,
				00EBA84C23448ABE00539A31 /* Text Editor */,
				00EBA8012337CBAD00539A31 /* Extensions */,
				00EBA7FB2337BA2D00539A31 /* Login + Signup */,
				00EBA806233D464200539A31 /* Tab Bar Controller */,
				00EBA80E233DF10700539A31 /* View Controllers */,
				00EBA809233DE9E700539A31 /* User Data */,
				1FAC1B272322C01300304173 /* AppDelegate.swift */,
				1FAC1B292322C01300304173 /* ViewController.swift */,
				1FAC1B2B2322C01300304173 /* Main.storyboard */,
				1FAC1B2E2322C01600304173 /* Assets.xcassets */,
				1FAC1B302322C01600304173 /* LaunchScreen.storyboard */,
				1FAC1B332322C01600304173 /* Info.plist */,
				1FAC1B572322DB7600304173 /* GoogleService-Info.plist */,
			);
			path = TheCampusApp;
			sourceTree = "<group>";
		};
		1FAC1B3B2322C01600304173 /* TheCampusAppTests */ = {
			isa = PBXGroup;
			children = (
				1FAC1B3C2322C01600304173 /* TheCampusAppTests.swift */,
				1FAC1B3E2322C01600304173 /* Info.plist */,
			);
			path = TheCampusAppTests;
			sourceTree = "<group>";
		};
		1FAC1B462322C01600304173 /* TheCampusAppUITests */ = {
			isa = PBXGroup;
			children = (
				1FAC1B472322C01600304173 /* TheCampusAppUITests.swift */,
				1FAC1B492322C01600304173 /* Info.plist */,
			);
			path = TheCampusAppUITests;
			sourceTree = "<group>";
		};
		4D716E400474BCD6DAA72BE2 /* Pods */ = {
			isa = PBXGroup;
			children = (
				417F5CAC574B5DCE663D4006 /* Pods-TheCampusApp.debug.xcconfig */,
				BB17A7C889B19A12BE30D3EB /* Pods-TheCampusApp.release.xcconfig */,
			);
			path = Pods;
			sourceTree = "<group>";
		};
		BC689F0D985935B302AE9522 /* Frameworks */ = {
			isa = PBXGroup;
			children = (
				70E953C4A1AC51430DE174A7 /* Pods_TheCampusApp.framework */,
			);
			name = Frameworks;
			sourceTree = "<group>";
		};
/* End PBXGroup section */

/* Begin PBXNativeTarget section */
		1FAC1B232322C01300304173 /* TheCampusApp */ = {
			isa = PBXNativeTarget;
			buildConfigurationList = 1FAC1B4C2322C01600304173 /* Build configuration list for PBXNativeTarget "TheCampusApp" */;
			buildPhases = (
				A766571287C1D047A9F308BC /* [CP] Check Pods Manifest.lock */,
				1FAC1B202322C01300304173 /* Sources */,
				1FAC1B212322C01300304173 /* Frameworks */,
				1FAC1B222322C01300304173 /* Resources */,
				3E090BE0C40DF9DA84EA3B0C /* [CP] Embed Pods Frameworks */,
			);
			buildRules = (
			);
			dependencies = (
			);
			name = TheCampusApp;
			productName = TheCampusApp;
			productReference = 1FAC1B242322C01300304173 /* TheCampusApp.app */;
			productType = "com.apple.product-type.application";
		};
		1FAC1B372322C01600304173 /* TheCampusAppTests */ = {
			isa = PBXNativeTarget;
			buildConfigurationList = 1FAC1B4F2322C01600304173 /* Build configuration list for PBXNativeTarget "TheCampusAppTests" */;
			buildPhases = (
				1FAC1B342322C01600304173 /* Sources */,
				1FAC1B352322C01600304173 /* Frameworks */,
				1FAC1B362322C01600304173 /* Resources */,
			);
			buildRules = (
			);
			dependencies = (
				1FAC1B3A2322C01600304173 /* PBXTargetDependency */,
			);
			name = TheCampusAppTests;
			productName = TheCampusAppTests;
			productReference = 1FAC1B382322C01600304173 /* TheCampusAppTests.xctest */;
			productType = "com.apple.product-type.bundle.unit-test";
		};
		1FAC1B422322C01600304173 /* TheCampusAppUITests */ = {
			isa = PBXNativeTarget;
			buildConfigurationList = 1FAC1B522322C01600304173 /* Build configuration list for PBXNativeTarget "TheCampusAppUITests" */;
			buildPhases = (
				1FAC1B3F2322C01600304173 /* Sources */,
				1FAC1B402322C01600304173 /* Frameworks */,
				1FAC1B412322C01600304173 /* Resources */,
			);
			buildRules = (
			);
			dependencies = (
				1FAC1B452322C01600304173 /* PBXTargetDependency */,
			);
			name = TheCampusAppUITests;
			productName = TheCampusAppUITests;
			productReference = 1FAC1B432322C01600304173 /* TheCampusAppUITests.xctest */;
			productType = "com.apple.product-type.bundle.ui-testing";
		};
/* End PBXNativeTarget section */

/* Begin PBXProject section */
		1FAC1B1C2322C01300304173 /* Project object */ = {
			isa = PBXProject;
			attributes = {
				LastSwiftUpdateCheck = 1020;
				LastUpgradeCheck = 1020;
				ORGANIZATIONNAME = "Harsh Motwani";
				TargetAttributes = {
					1FAC1B232322C01300304173 = {
						CreatedOnToolsVersion = 10.2;
					};
					1FAC1B372322C01600304173 = {
						CreatedOnToolsVersion = 10.2;
						TestTargetID = 1FAC1B232322C01300304173;
					};
					1FAC1B422322C01600304173 = {
						CreatedOnToolsVersion = 10.2;
						TestTargetID = 1FAC1B232322C01300304173;
					};
				};
			};
			buildConfigurationList = 1FAC1B1F2322C01300304173 /* Build configuration list for PBXProject "TheCampusApp" */;
			compatibilityVersion = "Xcode 9.3";
			developmentRegion = en;
			hasScannedForEncodings = 0;
			knownRegions = (
				en,
				Base,
			);
			mainGroup = 1FAC1B1B2322C01300304173;
			productRefGroup = 1FAC1B252322C01300304173 /* Products */;
			projectDirPath = "";
			projectRoot = "";
			targets = (
				1FAC1B232322C01300304173 /* TheCampusApp */,
				1FAC1B372322C01600304173 /* TheCampusAppTests */,
				1FAC1B422322C01600304173 /* TheCampusAppUITests */,
			);
		};
/* End PBXProject section */

/* Begin PBXResourcesBuildPhase section */
		1FAC1B222322C01300304173 /* Resources */ = {
			isa = PBXResourcesBuildPhase;
			buildActionMask = 2147483647;
			files = (
				00EBA88323462B2F00539A31 /* base16-tomorrow-dark.json in Resources */,
				1FAC1B322322C01600304173 /* LaunchScreen.storyboard in Resources */,
				00EBA85B23452A2500539A31 /* File.html in Resources */,
				00EBA88523462B2F00539A31 /* system-minimal.json in Resources */,
				00EBA88223462B2F00539A31 /* one-light-custom.json in Resources */,
				1FAC1B582322DB7600304173 /* GoogleService-Info.plist in Resources */,
				00EBA8592344FD1C00539A31 /* QuestionDescription.html in Resources */,
				00EBA88123462B2F00539A31 /* one-light.json in Resources */,
				00EBA88823462B2F00539A31 /* one-dark-custom.json in Resources */,
				00EBA8572344FD0900539A31 /* QuestionHeader.html in Resources */,
				1FAC1B2F2322C01600304173 /* Assets.xcassets in Resources */,
				00EBA88723462B2F00539A31 /* solarized-dark.json in Resources */,
				1FAC1B2D2322C01300304173 /* Main.storyboard in Resources */,
				00EBA88023462B2F00539A31 /* solarized-light.json in Resources */,
				00EBA85023448AEF00539A31 /* TextEditor.js in Resources */,
				00EBA88623462B2F00539A31 /* blues-clues.json in Resources */,
				00EBA84E23448AE500539A31 /* TextEditor.html in Resources */,
				00EBA88923462B2F00539A31 /* one-dark.json in Resources */,
				00EBA88423462B2F00539A31 /* base16-tomorrow-light.json in Resources */,
			);
			runOnlyForDeploymentPostprocessing = 0;
		};
		1FAC1B362322C01600304173 /* Resources */ = {
			isa = PBXResourcesBuildPhase;
			buildActionMask = 2147483647;
			files = (
			);
			runOnlyForDeploymentPostprocessing = 0;
		};
		1FAC1B412322C01600304173 /* Resources */ = {
			isa = PBXResourcesBuildPhase;
			buildActionMask = 2147483647;
			files = (
			);
			runOnlyForDeploymentPostprocessing = 0;
		};
/* End PBXResourcesBuildPhase section */

/* Begin PBXShellScriptBuildPhase section */
		3E090BE0C40DF9DA84EA3B0C /* [CP] Embed Pods Frameworks */ = {
			isa = PBXShellScriptBuildPhase;
			buildActionMask = 2147483647;
			files = (
			);
			inputFileListPaths = (
			);
			inputPaths = (
				"${PODS_ROOT}/Target Support Files/Pods-TheCampusApp/Pods-TheCampusApp-frameworks.sh",
				"${BUILT_PRODUCTS_DIR}/BoringSSL-GRPC/openssl_grpc.framework",
				"${BUILT_PRODUCTS_DIR}/Down/Down.framework",
				"${BUILT_PRODUCTS_DIR}/GTMSessionFetcher/GTMSessionFetcher.framework",
				"${BUILT_PRODUCTS_DIR}/GoogleUtilities/GoogleUtilities.framework",
				"${BUILT_PRODUCTS_DIR}/Protobuf/Protobuf.framework",
				"${BUILT_PRODUCTS_DIR}/SVProgressHUD/SVProgressHUD.framework",
				"${BUILT_PRODUCTS_DIR}/gRPC-C++/grpcpp.framework",
				"${BUILT_PRODUCTS_DIR}/gRPC-Core/grpc.framework",
				"${BUILT_PRODUCTS_DIR}/leveldb-library/leveldb.framework",
				"${BUILT_PRODUCTS_DIR}/nanopb/nanopb.framework",
			);
			name = "[CP] Embed Pods Frameworks";
			outputFileListPaths = (
			);
			outputPaths = (
				"${TARGET_BUILD_DIR}/${FRAMEWORKS_FOLDER_PATH}/openssl_grpc.framework",
				"${TARGET_BUILD_DIR}/${FRAMEWORKS_FOLDER_PATH}/Down.framework",
				"${TARGET_BUILD_DIR}/${FRAMEWORKS_FOLDER_PATH}/GTMSessionFetcher.framework",
				"${TARGET_BUILD_DIR}/${FRAMEWORKS_FOLDER_PATH}/GoogleUtilities.framework",
				"${TARGET_BUILD_DIR}/${FRAMEWORKS_FOLDER_PATH}/Protobuf.framework",
				"${TARGET_BUILD_DIR}/${FRAMEWORKS_FOLDER_PATH}/SVProgressHUD.framework",
				"${TARGET_BUILD_DIR}/${FRAMEWORKS_FOLDER_PATH}/grpcpp.framework",
				"${TARGET_BUILD_DIR}/${FRAMEWORKS_FOLDER_PATH}/grpc.framework",
				"${TARGET_BUILD_DIR}/${FRAMEWORKS_FOLDER_PATH}/leveldb.framework",
				"${TARGET_BUILD_DIR}/${FRAMEWORKS_FOLDER_PATH}/nanopb.framework",
			);
			runOnlyForDeploymentPostprocessing = 0;
			shellPath = /bin/sh;
			shellScript = "\"${PODS_ROOT}/Target Support Files/Pods-TheCampusApp/Pods-TheCampusApp-frameworks.sh\"\n";
			showEnvVarsInLog = 0;
		};
		A766571287C1D047A9F308BC /* [CP] Check Pods Manifest.lock */ = {
			isa = PBXShellScriptBuildPhase;
			buildActionMask = 2147483647;
			files = (
			);
			inputFileListPaths = (
			);
			inputPaths = (
				"${PODS_PODFILE_DIR_PATH}/Podfile.lock",
				"${PODS_ROOT}/Manifest.lock",
			);
			name = "[CP] Check Pods Manifest.lock";
			outputFileListPaths = (
			);
			outputPaths = (
				"$(DERIVED_FILE_DIR)/Pods-TheCampusApp-checkManifestLockResult.txt",
			);
			runOnlyForDeploymentPostprocessing = 0;
			shellPath = /bin/sh;
			shellScript = "diff \"${PODS_PODFILE_DIR_PATH}/Podfile.lock\" \"${PODS_ROOT}/Manifest.lock\" > /dev/null\nif [ $? != 0 ] ; then\n    # print error to STDERR\n    echo \"error: The sandbox is not in sync with the Podfile.lock. Run 'pod install' or update your CocoaPods installation.\" >&2\n    exit 1\nfi\n# This output is used by Xcode 'outputs' to avoid re-running this script phase.\necho \"SUCCESS\" > \"${SCRIPT_OUTPUT_FILE_0}\"\n";
			showEnvVarsInLog = 0;
		};
/* End PBXShellScriptBuildPhase section */

/* Begin PBXSourcesBuildPhase section */
		1FAC1B202322C01300304173 /* Sources */ = {
			isa = PBXSourcesBuildPhase;
			buildActionMask = 2147483647;
			files = (
				00EBA87F23462B2F00539A31 /* Theme.swift in Sources */,
				00EBA805233CBFF400539A31 /* Dismiss.swift in Sources */,
				00EBA8902348ADD900539A31 /* Ask Button.swift in Sources */,
				00EBA817233E217E00539A31 /* ProfileHeader.swift in Sources */,
				00EBA7FD2337BA5A00539A31 /* LoginViewController.swift in Sources */,
				00EBA87723462B2F00539A31 /* Storage.swift in Sources */,
				00EBA80B233DEA0000539A31 /* UserData.swift in Sources */,
				00EBA87E23462B2F00539A31 /* Style.swift in Sources */,
				1FAC1B2A2322C01300304173 /* ViewController.swift in Sources */,
				00EBA8922348ADFE00539A31 /* Rich Text Editor.swift in Sources */,
				00EBA87B23462B2F00539A31 /* Notepad-iOS.swift in Sources */,
				00EBA87A23462B2F00539A31 /* Element.swift in Sources */,
				00EBA81B233E9B2200539A31 /* Constants.swift in Sources */,
				00EBA808233D468300539A31 /* MainTabBarController.swift in Sources */,
				00EBA810233DF16900539A31 /* HomeViewController.swift in Sources */,
				00EBA87823462B2F00539A31 /* UniversalTypes.swift in Sources */,
				00EBA814233DF1AB00539A31 /* ProfileViewController.swift in Sources */,
				00EBA8032337CBC700539A31 /* Constraints.swift in Sources */,
				00EBA80D233DEB5C00539A31 /* UIImage.swift in Sources */,
				00EBA88C2348AD8900539A31 /* EventHandlers.swift in Sources */,
				00EBA819233E986D00539A31 /* PostCell.swift in Sources */,
				00EBA85223448AF600539A31 /* TextEditor.swift in Sources */,
				00EBA7FF2337BA7400539A31 /* SignupViewController.swift in Sources */,
				00EBA88E2348ADBB00539A31 /* Keyboard Events.swift in Sources */,
				00EBA87923462B2F00539A31 /* Notepad.m in Sources */,
				00EBA87C23462B2F00539A31 /* Extensions.swift in Sources */,
				1FAC1B282322C01300304173 /* AppDelegate.swift in Sources */,
				00EBA898234DB90200539A31 /* Image Picker.swift in Sources */,
				00EBA823233FCA9C00539A31 /* String.swift in Sources */,
				00EBA8942348C68100539A31 /* UIFont.swift in Sources */,
				00EBA87D23462B2F00539A31 /* Notepad-macOS.swift in Sources */,
				00EBA82623406ECD00539A31 /* CustomToolBar.swift in Sources */,
				00EBA812233DF18A00539A31 /* PostViewController.swift in Sources */,
			);
			runOnlyForDeploymentPostprocessing = 0;
		};
		1FAC1B342322C01600304173 /* Sources */ = {
			isa = PBXSourcesBuildPhase;
			buildActionMask = 2147483647;
			files = (
				1FAC1B3D2322C01600304173 /* TheCampusAppTests.swift in Sources */,
			);
			runOnlyForDeploymentPostprocessing = 0;
		};
		1FAC1B3F2322C01600304173 /* Sources */ = {
			isa = PBXSourcesBuildPhase;
			buildActionMask = 2147483647;
			files = (
				1FAC1B482322C01600304173 /* TheCampusAppUITests.swift in Sources */,
			);
			runOnlyForDeploymentPostprocessing = 0;
		};
/* End PBXSourcesBuildPhase section */

/* Begin PBXTargetDependency section */
		1FAC1B3A2322C01600304173 /* PBXTargetDependency */ = {
			isa = PBXTargetDependency;
			target = 1FAC1B232322C01300304173 /* TheCampusApp */;
			targetProxy = 1FAC1B392322C01600304173 /* PBXContainerItemProxy */;
		};
		1FAC1B452322C01600304173 /* PBXTargetDependency */ = {
			isa = PBXTargetDependency;
			target = 1FAC1B232322C01300304173 /* TheCampusApp */;
			targetProxy = 1FAC1B442322C01600304173 /* PBXContainerItemProxy */;
		};
/* End PBXTargetDependency section */

/* Begin PBXVariantGroup section */
		1FAC1B2B2322C01300304173 /* Main.storyboard */ = {
			isa = PBXVariantGroup;
			children = (
				1FAC1B2C2322C01300304173 /* Base */,
			);
			name = Main.storyboard;
			sourceTree = "<group>";
		};
		1FAC1B302322C01600304173 /* LaunchScreen.storyboard */ = {
			isa = PBXVariantGroup;
			children = (
				1FAC1B312322C01600304173 /* Base */,
			);
			name = LaunchScreen.storyboard;
			sourceTree = "<group>";
		};
/* End PBXVariantGroup section */

/* Begin XCBuildConfiguration section */
		1FAC1B4A2322C01600304173 /* Debug */ = {
			isa = XCBuildConfiguration;
			buildSettings = {
				ALWAYS_SEARCH_USER_PATHS = NO;
				CLANG_ANALYZER_NONNULL = YES;
				CLANG_ANALYZER_NUMBER_OBJECT_CONVERSION = YES_AGGRESSIVE;
				CLANG_CXX_LANGUAGE_STANDARD = "gnu++14";
				CLANG_CXX_LIBRARY = "libc++";
				CLANG_ENABLE_MODULES = YES;
				CLANG_ENABLE_OBJC_ARC = YES;
				CLANG_ENABLE_OBJC_WEAK = YES;
				CLANG_WARN_BLOCK_CAPTURE_AUTORELEASING = YES;
				CLANG_WARN_BOOL_CONVERSION = YES;
				CLANG_WARN_COMMA = YES;
				CLANG_WARN_CONSTANT_CONVERSION = YES;
				CLANG_WARN_DEPRECATED_OBJC_IMPLEMENTATIONS = YES;
				CLANG_WARN_DIRECT_OBJC_ISA_USAGE = YES_ERROR;
				CLANG_WARN_DOCUMENTATION_COMMENTS = YES;
				CLANG_WARN_EMPTY_BODY = YES;
				CLANG_WARN_ENUM_CONVERSION = YES;
				CLANG_WARN_INFINITE_RECURSION = YES;
				CLANG_WARN_INT_CONVERSION = YES;
				CLANG_WARN_NON_LITERAL_NULL_CONVERSION = YES;
				CLANG_WARN_OBJC_IMPLICIT_RETAIN_SELF = YES;
				CLANG_WARN_OBJC_LITERAL_CONVERSION = YES;
				CLANG_WARN_OBJC_ROOT_CLASS = YES_ERROR;
				CLANG_WARN_RANGE_LOOP_ANALYSIS = YES;
				CLANG_WARN_STRICT_PROTOTYPES = YES;
				CLANG_WARN_SUSPICIOUS_MOVE = YES;
				CLANG_WARN_UNGUARDED_AVAILABILITY = YES_AGGRESSIVE;
				CLANG_WARN_UNREACHABLE_CODE = YES;
				CLANG_WARN__DUPLICATE_METHOD_MATCH = YES;
				CODE_SIGN_IDENTITY = "iPhone Developer";
				COPY_PHASE_STRIP = NO;
				DEBUG_INFORMATION_FORMAT = dwarf;
				ENABLE_STRICT_OBJC_MSGSEND = YES;
				ENABLE_TESTABILITY = YES;
				GCC_C_LANGUAGE_STANDARD = gnu11;
				GCC_DYNAMIC_NO_PIC = NO;
				GCC_NO_COMMON_BLOCKS = YES;
				GCC_OPTIMIZATION_LEVEL = 0;
				GCC_PREPROCESSOR_DEFINITIONS = (
					"DEBUG=1",
					"$(inherited)",
				);
				GCC_WARN_64_TO_32_BIT_CONVERSION = YES;
				GCC_WARN_ABOUT_RETURN_TYPE = YES_ERROR;
				GCC_WARN_UNDECLARED_SELECTOR = YES;
				GCC_WARN_UNINITIALIZED_AUTOS = YES_AGGRESSIVE;
				GCC_WARN_UNUSED_FUNCTION = YES;
				GCC_WARN_UNUSED_VARIABLE = YES;
				IPHONEOS_DEPLOYMENT_TARGET = 12.2;
				MTL_ENABLE_DEBUG_INFO = INCLUDE_SOURCE;
				MTL_FAST_MATH = YES;
				ONLY_ACTIVE_ARCH = YES;
				SDKROOT = iphoneos;
				SWIFT_ACTIVE_COMPILATION_CONDITIONS = DEBUG;
				SWIFT_OPTIMIZATION_LEVEL = "-Onone";
			};
			name = Debug;
		};
		1FAC1B4B2322C01600304173 /* Release */ = {
			isa = XCBuildConfiguration;
			buildSettings = {
				ALWAYS_SEARCH_USER_PATHS = NO;
				CLANG_ANALYZER_NONNULL = YES;
				CLANG_ANALYZER_NUMBER_OBJECT_CONVERSION = YES_AGGRESSIVE;
				CLANG_CXX_LANGUAGE_STANDARD = "gnu++14";
				CLANG_CXX_LIBRARY = "libc++";
				CLANG_ENABLE_MODULES = YES;
				CLANG_ENABLE_OBJC_ARC = YES;
				CLANG_ENABLE_OBJC_WEAK = YES;
				CLANG_WARN_BLOCK_CAPTURE_AUTORELEASING = YES;
				CLANG_WARN_BOOL_CONVERSION = YES;
				CLANG_WARN_COMMA = YES;
				CLANG_WARN_CONSTANT_CONVERSION = YES;
				CLANG_WARN_DEPRECATED_OBJC_IMPLEMENTATIONS = YES;
				CLANG_WARN_DIRECT_OBJC_ISA_USAGE = YES_ERROR;
				CLANG_WARN_DOCUMENTATION_COMMENTS = YES;
				CLANG_WARN_EMPTY_BODY = YES;
				CLANG_WARN_ENUM_CONVERSION = YES;
				CLANG_WARN_INFINITE_RECURSION = YES;
				CLANG_WARN_INT_CONVERSION = YES;
				CLANG_WARN_NON_LITERAL_NULL_CONVERSION = YES;
				CLANG_WARN_OBJC_IMPLICIT_RETAIN_SELF = YES;
				CLANG_WARN_OBJC_LITERAL_CONVERSION = YES;
				CLANG_WARN_OBJC_ROOT_CLASS = YES_ERROR;
				CLANG_WARN_RANGE_LOOP_ANALYSIS = YES;
				CLANG_WARN_STRICT_PROTOTYPES = YES;
				CLANG_WARN_SUSPICIOUS_MOVE = YES;
				CLANG_WARN_UNGUARDED_AVAILABILITY = YES_AGGRESSIVE;
				CLANG_WARN_UNREACHABLE_CODE = YES;
				CLANG_WARN__DUPLICATE_METHOD_MATCH = YES;
				CODE_SIGN_IDENTITY = "iPhone Developer";
				COPY_PHASE_STRIP = NO;
				DEBUG_INFORMATION_FORMAT = "dwarf-with-dsym";
				ENABLE_NS_ASSERTIONS = NO;
				ENABLE_STRICT_OBJC_MSGSEND = YES;
				GCC_C_LANGUAGE_STANDARD = gnu11;
				GCC_NO_COMMON_BLOCKS = YES;
				GCC_WARN_64_TO_32_BIT_CONVERSION = YES;
				GCC_WARN_ABOUT_RETURN_TYPE = YES_ERROR;
				GCC_WARN_UNDECLARED_SELECTOR = YES;
				GCC_WARN_UNINITIALIZED_AUTOS = YES_AGGRESSIVE;
				GCC_WARN_UNUSED_FUNCTION = YES;
				GCC_WARN_UNUSED_VARIABLE = YES;
				IPHONEOS_DEPLOYMENT_TARGET = 12.2;
				MTL_ENABLE_DEBUG_INFO = NO;
				MTL_FAST_MATH = YES;
				SDKROOT = iphoneos;
				SWIFT_COMPILATION_MODE = wholemodule;
				SWIFT_OPTIMIZATION_LEVEL = "-O";
				VALIDATE_PRODUCT = YES;
			};
			name = Release;
		};
		1FAC1B4D2322C01600304173 /* Debug */ = {
			isa = XCBuildConfiguration;
			baseConfigurationReference = 417F5CAC574B5DCE663D4006 /* Pods-TheCampusApp.debug.xcconfig */;
			buildSettings = {
				ASSETCATALOG_COMPILER_APPICON_NAME = AppIcon;
				CODE_SIGN_STYLE = Automatic;
				DEVELOPMENT_TEAM = QC9853NR22;
				INFOPLIST_FILE = TheCampusApp/Info.plist;
				IPHONEOS_DEPLOYMENT_TARGET = 9.0;
				LD_RUNPATH_SEARCH_PATHS = (
					"$(inherited)",
					"@executable_path/Frameworks",
				);
				PRODUCT_BUNDLE_IDENTIFIER = HM.TheCampusApp;
				PRODUCT_NAME = "$(TARGET_NAME)";
				SWIFT_VERSION = 4.2;
				TARGETED_DEVICE_FAMILY = 1;
			};
			name = Debug;
		};
		1FAC1B4E2322C01600304173 /* Release */ = {
			isa = XCBuildConfiguration;
			baseConfigurationReference = BB17A7C889B19A12BE30D3EB /* Pods-TheCampusApp.release.xcconfig */;
			buildSettings = {
				ASSETCATALOG_COMPILER_APPICON_NAME = AppIcon;
				CODE_SIGN_STYLE = Automatic;
				DEVELOPMENT_TEAM = QC9853NR22;
				INFOPLIST_FILE = TheCampusApp/Info.plist;
				IPHONEOS_DEPLOYMENT_TARGET = 9.0;
				LD_RUNPATH_SEARCH_PATHS = (
					"$(inherited)",
					"@executable_path/Frameworks",
				);
				PRODUCT_BUNDLE_IDENTIFIER = HM.TheCampusApp;
				PRODUCT_NAME = "$(TARGET_NAME)";
				SWIFT_VERSION = 4.2;
				TARGETED_DEVICE_FAMILY = 1;
			};
			name = Release;
		};
		1FAC1B502322C01600304173 /* Debug */ = {
			isa = XCBuildConfiguration;
			buildSettings = {
				ALWAYS_EMBED_SWIFT_STANDARD_LIBRARIES = YES;
				BUNDLE_LOADER = "$(TEST_HOST)";
				CODE_SIGN_STYLE = Automatic;
				INFOPLIST_FILE = TheCampusAppTests/Info.plist;
				LD_RUNPATH_SEARCH_PATHS = (
					"$(inherited)",
					"@executable_path/Frameworks",
					"@loader_path/Frameworks",
				);
				PRODUCT_BUNDLE_IDENTIFIER = HM.TheCampusAppTests;
				PRODUCT_NAME = "$(TARGET_NAME)";
				SWIFT_VERSION = 5.0;
				TARGETED_DEVICE_FAMILY = "1,2";
				TEST_HOST = "$(BUILT_PRODUCTS_DIR)/TheCampusApp.app/TheCampusApp";
			};
			name = Debug;
		};
		1FAC1B512322C01600304173 /* Release */ = {
			isa = XCBuildConfiguration;
			buildSettings = {
				ALWAYS_EMBED_SWIFT_STANDARD_LIBRARIES = YES;
				BUNDLE_LOADER = "$(TEST_HOST)";
				CODE_SIGN_STYLE = Automatic;
				INFOPLIST_FILE = TheCampusAppTests/Info.plist;
				LD_RUNPATH_SEARCH_PATHS = (
					"$(inherited)",
					"@executable_path/Frameworks",
					"@loader_path/Frameworks",
				);
				PRODUCT_BUNDLE_IDENTIFIER = HM.TheCampusAppTests;
				PRODUCT_NAME = "$(TARGET_NAME)";
				SWIFT_VERSION = 5.0;
				TARGETED_DEVICE_FAMILY = "1,2";
				TEST_HOST = "$(BUILT_PRODUCTS_DIR)/TheCampusApp.app/TheCampusApp";
			};
			name = Release;
		};
		1FAC1B532322C01600304173 /* Debug */ = {
			isa = XCBuildConfiguration;
			buildSettings = {
				ALWAYS_EMBED_SWIFT_STANDARD_LIBRARIES = YES;
				CODE_SIGN_STYLE = Automatic;
				INFOPLIST_FILE = TheCampusAppUITests/Info.plist;
				LD_RUNPATH_SEARCH_PATHS = (
					"$(inherited)",
					"@executable_path/Frameworks",
					"@loader_path/Frameworks",
				);
				PRODUCT_BUNDLE_IDENTIFIER = HM.TheCampusAppUITests;
				PRODUCT_NAME = "$(TARGET_NAME)";
				SWIFT_VERSION = 5.0;
				TARGETED_DEVICE_FAMILY = "1,2";
				TEST_TARGET_NAME = TheCampusApp;
			};
			name = Debug;
		};
		1FAC1B542322C01600304173 /* Release */ = {
			isa = XCBuildConfiguration;
			buildSettings = {
				ALWAYS_EMBED_SWIFT_STANDARD_LIBRARIES = YES;
				CODE_SIGN_STYLE = Automatic;
				INFOPLIST_FILE = TheCampusAppUITests/Info.plist;
				LD_RUNPATH_SEARCH_PATHS = (
					"$(inherited)",
					"@executable_path/Frameworks",
					"@loader_path/Frameworks",
				);
				PRODUCT_BUNDLE_IDENTIFIER = HM.TheCampusAppUITests;
				PRODUCT_NAME = "$(TARGET_NAME)";
				SWIFT_VERSION = 5.0;
				TARGETED_DEVICE_FAMILY = "1,2";
				TEST_TARGET_NAME = TheCampusApp;
			};
			name = Release;
		};
/* End XCBuildConfiguration section */

/* Begin XCConfigurationList section */
		1FAC1B1F2322C01300304173 /* Build configuration list for PBXProject "TheCampusApp" */ = {
			isa = XCConfigurationList;
			buildConfigurations = (
				1FAC1B4A2322C01600304173 /* Debug */,
				1FAC1B4B2322C01600304173 /* Release */,
			);
			defaultConfigurationIsVisible = 0;
			defaultConfigurationName = Release;
		};
		1FAC1B4C2322C01600304173 /* Build configuration list for PBXNativeTarget "TheCampusApp" */ = {
			isa = XCConfigurationList;
			buildConfigurations = (
				1FAC1B4D2322C01600304173 /* Debug */,
				1FAC1B4E2322C01600304173 /* Release */,
			);
			defaultConfigurationIsVisible = 0;
			defaultConfigurationName = Release;
		};
		1FAC1B4F2322C01600304173 /* Build configuration list for PBXNativeTarget "TheCampusAppTests" */ = {
			isa = XCConfigurationList;
			buildConfigurations = (
				1FAC1B502322C01600304173 /* Debug */,
				1FAC1B512322C01600304173 /* Release */,
			);
			defaultConfigurationIsVisible = 0;
			defaultConfigurationName = Release;
		};
		1FAC1B522322C01600304173 /* Build configuration list for PBXNativeTarget "TheCampusAppUITests" */ = {
			isa = XCConfigurationList;
			buildConfigurations = (
				1FAC1B532322C01600304173 /* Debug */,
				1FAC1B542322C01600304173 /* Release */,
			);
			defaultConfigurationIsVisible = 0;
			defaultConfigurationName = Release;
		};
/* End XCConfigurationList section */
	};
	rootObject = 1FAC1B1C2322C01300304173 /* Project object */;
}
